// !$*UTF8*$!
{
	archiveVersion = 1;
	classes = {
	};
	objectVersion = 46;
	objects = {

/* Begin PBXBuildFile section */
		6E18ED6A1C56823E002896B6 /* cURLStringList.swift in Sources */ = {isa = PBXBuildFile; fileRef = 6E92A4441C15470A007BC4E9 /* cURLStringList.swift */; };
		6E18ED6B1C56823E002896B6 /* cURLWriteFunction.swift in Sources */ = {isa = PBXBuildFile; fileRef = 6E92A4451C15470A007BC4E9 /* cURLWriteFunction.swift */; };
		6E18ED6C1C56823E002896B6 /* HTTPClient.swift in Sources */ = {isa = PBXBuildFile; fileRef = 6E92A4461C15470A007BC4E9 /* HTTPClient.swift */; };
		6E18ED6D1C56823E002896B6 /* cURLReadFunction.swift in Sources */ = {isa = PBXBuildFile; fileRef = 6E92A4431C15470A007BC4E9 /* cURLReadFunction.swift */; };
		6E18ED6E1C56823E002896B6 /* cURLError.swift in Sources */ = {isa = PBXBuildFile; fileRef = 6E92A4421C15470A007BC4E9 /* cURLError.swift */; };
		6E18ED6F1C56823E002896B6 /* cURL.swift in Sources */ = {isa = PBXBuildFile; fileRef = 6E92A4411C15470A007BC4E9 /* cURL.swift */; };
		6E18ED721C56823E002896B6 /* SeeURL.h in Headers */ = {isa = PBXBuildFile; fileRef = 6E2F72081C15255100E81D56 /* SeeURL.h */; settings = {ATTRIBUTES = (Public, ); }; };
		6E18ED7B1C5685BF002896B6 /* cURLTests.swift in Sources */ = {isa = PBXBuildFile; fileRef = 6E18ED791C5685BF002896B6 /* cURLTests.swift */; };
		6E18ED7C1C5685BF002896B6 /* HTTPClientTests.swift in Sources */ = {isa = PBXBuildFile; fileRef = 6E18ED7A1C5685BF002896B6 /* HTTPClientTests.swift */; };
		6E18ED7F1C56C346002896B6 /* cURLSwift.h in Headers */ = {isa = PBXBuildFile; fileRef = 6E18ED7E1C56C346002896B6 /* cURLSwift.h */; settings = {ATTRIBUTES = (Public, ); }; };
		6E18ED801C56C346002896B6 /* cURLSwift.h in Headers */ = {isa = PBXBuildFile; fileRef = 6E18ED7E1C56C346002896B6 /* cURLSwift.h */; settings = {ATTRIBUTES = (Public, ); }; };
		6E2F72091C15255100E81D56 /* SeeURL.h in Headers */ = {isa = PBXBuildFile; fileRef = 6E2F72081C15255100E81D56 /* SeeURL.h */; settings = {ATTRIBUTES = (Public, ); }; };
		6E2F72101C15255100E81D56 /* SeeURL.framework in Frameworks */ = {isa = PBXBuildFile; fileRef = 6E2F72051C15255100E81D56 /* SeeURL.framework */; };
		6E587D991C56D1C2009741E1 /* cURL.framework in Copy Frameworks */ = {isa = PBXBuildFile; fileRef = 6E587D931C56D1AD009741E1 /* cURL.framework */; settings = {ATTRIBUTES = (CodeSignOnCopy, RemoveHeadersOnCopy, ); }; };
		6E587D9A1C56D1C2009741E1 /* JSON.framework in Copy Frameworks */ = {isa = PBXBuildFile; fileRef = 6E587D951C56D1AD009741E1 /* JSON.framework */; settings = {ATTRIBUTES = (CodeSignOnCopy, RemoveHeadersOnCopy, ); }; };
		6E587D9B1C56D1C2009741E1 /* SwiftFoundation.framework in Copy Frameworks */ = {isa = PBXBuildFile; fileRef = 6E587D971C56D1AD009741E1 /* SwiftFoundation.framework */; settings = {ATTRIBUTES = (CodeSignOnCopy, RemoveHeadersOnCopy, ); }; };
		6E587DA51C5742BB009741E1 /* SeeURL.framework in Frameworks */ = {isa = PBXBuildFile; fileRef = 6E2F72051C15255100E81D56 /* SeeURL.framework */; };
		6E587DB01C574349009741E1 /* cURL.framework in Copy Frameworks */ = {isa = PBXBuildFile; fileRef = 6E587D8C1C56D1AD009741E1 /* cURL.framework */; settings = {ATTRIBUTES = (CodeSignOnCopy, RemoveHeadersOnCopy, ); }; };
		6E587DB11C574349009741E1 /* JSON.framework in Copy Frameworks */ = {isa = PBXBuildFile; fileRef = 6E587D8E1C56D1AD009741E1 /* JSON.framework */; settings = {ATTRIBUTES = (CodeSignOnCopy, RemoveHeadersOnCopy, ); }; };
		6E587DB21C574349009741E1 /* SwiftFoundation.framework in Copy Frameworks */ = {isa = PBXBuildFile; fileRef = 6E587D901C56D1AD009741E1 /* SwiftFoundation.framework */; settings = {ATTRIBUTES = (CodeSignOnCopy, RemoveHeadersOnCopy, ); }; };
		6E7AD6091C57477C009C662B /* cURLTests.swift in Sources */ = {isa = PBXBuildFile; fileRef = 6E18ED791C5685BF002896B6 /* cURLTests.swift */; };
		6E7AD60A1C574786009C662B /* HTTPClientTests.swift in Sources */ = {isa = PBXBuildFile; fileRef = 6E18ED7A1C5685BF002896B6 /* HTTPClientTests.swift */; };
		6E92A4471C15470A007BC4E9 /* cURL.swift in Sources */ = {isa = PBXBuildFile; fileRef = 6E92A4411C15470A007BC4E9 /* cURL.swift */; };
		6E92A4481C15470A007BC4E9 /* cURLError.swift in Sources */ = {isa = PBXBuildFile; fileRef = 6E92A4421C15470A007BC4E9 /* cURLError.swift */; };
		6E92A4491C15470A007BC4E9 /* cURLReadFunction.swift in Sources */ = {isa = PBXBuildFile; fileRef = 6E92A4431C15470A007BC4E9 /* cURLReadFunction.swift */; };
		6E92A44A1C15470A007BC4E9 /* cURLStringList.swift in Sources */ = {isa = PBXBuildFile; fileRef = 6E92A4441C15470A007BC4E9 /* cURLStringList.swift */; };
		6E92A44B1C15470A007BC4E9 /* cURLWriteFunction.swift in Sources */ = {isa = PBXBuildFile; fileRef = 6E92A4451C15470A007BC4E9 /* cURLWriteFunction.swift */; };
		6E92A44C1C15470A007BC4E9 /* HTTPClient.swift in Sources */ = {isa = PBXBuildFile; fileRef = 6E92A4461C15470A007BC4E9 /* HTTPClient.swift */; };
/* End PBXBuildFile section */

/* Begin PBXContainerItemProxy section */
		6E2F72111C15255100E81D56 /* PBXContainerItemProxy */ = {
			isa = PBXContainerItemProxy;
			containerPortal = 6E2F71FC1C15255100E81D56 /* Project object */;
			proxyType = 1;
			remoteGlobalIDString = 6E2F72041C15255100E81D56;
			remoteInfo = SeeURL;
		};
		6E587DB31C57442D009741E1 /* PBXContainerItemProxy */ = {
			isa = PBXContainerItemProxy;
			containerPortal = 6E2F71FC1C15255100E81D56 /* Project object */;
			proxyType = 1;
			remoteGlobalIDString = 6E18ED681C56823E002896B6;
			remoteInfo = "SeeURL iOS";
		};
/* End PBXContainerItemProxy section */

/* Begin PBXCopyFilesBuildPhase section */
		6E587D7F1C56D16E009741E1 /* Copy Frameworks */ = {
			isa = PBXCopyFilesBuildPhase;
			buildActionMask = 2147483647;
			dstPath = "";
			dstSubfolderSpec = 10;
			files = (
				6E587D991C56D1C2009741E1 /* cURL.framework in Copy Frameworks */,
				6E587D9A1C56D1C2009741E1 /* JSON.framework in Copy Frameworks */,
				6E587D9B1C56D1C2009741E1 /* SwiftFoundation.framework in Copy Frameworks */,
			);
			name = "Copy Frameworks";
			runOnlyForDeploymentPostprocessing = 0;
		};
		6E587DA71C5742BB009741E1 /* Copy Frameworks */ = {
			isa = PBXCopyFilesBuildPhase;
			buildActionMask = 2147483647;
			dstPath = "";
			dstSubfolderSpec = 10;
			files = (
				6E587DB01C574349009741E1 /* cURL.framework in Copy Frameworks */,
				6E587DB11C574349009741E1 /* JSON.framework in Copy Frameworks */,
				6E587DB21C574349009741E1 /* SwiftFoundation.framework in Copy Frameworks */,
			);
			name = "Copy Frameworks";
			runOnlyForDeploymentPostprocessing = 0;
		};
/* End PBXCopyFilesBuildPhase section */

/* Begin PBXFileReference section */
		6E18ED771C56823E002896B6 /* SeeURL.framework */ = {isa = PBXFileReference; explicitFileType = wrapper.framework; includeInIndex = 0; path = SeeURL.framework; sourceTree = BUILT_PRODUCTS_DIR; };
		6E18ED791C5685BF002896B6 /* cURLTests.swift */ = {isa = PBXFileReference; fileEncoding = 4; lastKnownFileType = sourcecode.swift; path = cURLTests.swift; sourceTree = "<group>"; };
		6E18ED7A1C5685BF002896B6 /* HTTPClientTests.swift */ = {isa = PBXFileReference; fileEncoding = 4; lastKnownFileType = sourcecode.swift; path = HTTPClientTests.swift; sourceTree = "<group>"; };
		6E18ED7E1C56C346002896B6 /* cURLSwift.h */ = {isa = PBXFileReference; fileEncoding = 4; lastKnownFileType = sourcecode.c.h; name = cURLSwift.h; path = ../cURLSwift.h; sourceTree = "<group>"; };
		6E2F72051C15255100E81D56 /* SeeURL.framework */ = {isa = PBXFileReference; explicitFileType = wrapper.framework; includeInIndex = 0; path = SeeURL.framework; sourceTree = BUILT_PRODUCTS_DIR; };
		6E2F72081C15255100E81D56 /* SeeURL.h */ = {isa = PBXFileReference; lastKnownFileType = sourcecode.c.h; path = SeeURL.h; sourceTree = "<group>"; };
		6E2F720A1C15255100E81D56 /* Info.plist */ = {isa = PBXFileReference; lastKnownFileType = text.plist.xml; path = Info.plist; sourceTree = "<group>"; };
		6E2F720F1C15255100E81D56 /* SeeURLTests.xctest */ = {isa = PBXFileReference; explicitFileType = wrapper.cfbundle; includeInIndex = 0; path = SeeURLTests.xctest; sourceTree = BUILT_PRODUCTS_DIR; };
		6E2F72161C15255100E81D56 /* Info.plist */ = {isa = PBXFileReference; lastKnownFileType = text.plist.xml; path = Info.plist; sourceTree = "<group>"; };
		6E587D8C1C56D1AD009741E1 /* cURL.framework */ = {isa = PBXFileReference; lastKnownFileType = wrapper.framework; path = cURL.framework; sourceTree = "<group>"; };
		6E587D8E1C56D1AD009741E1 /* JSON.framework */ = {isa = PBXFileReference; lastKnownFileType = wrapper.framework; path = JSON.framework; sourceTree = "<group>"; };
		6E587D901C56D1AD009741E1 /* SwiftFoundation.framework */ = {isa = PBXFileReference; lastKnownFileType = wrapper.framework; path = SwiftFoundation.framework; sourceTree = "<group>"; };
		6E587D931C56D1AD009741E1 /* cURL.framework */ = {isa = PBXFileReference; lastKnownFileType = wrapper.framework; path = cURL.framework; sourceTree = "<group>"; };
		6E587D951C56D1AD009741E1 /* JSON.framework */ = {isa = PBXFileReference; lastKnownFileType = wrapper.framework; path = JSON.framework; sourceTree = "<group>"; };
		6E587D971C56D1AD009741E1 /* SwiftFoundation.framework */ = {isa = PBXFileReference; lastKnownFileType = wrapper.framework; path = SwiftFoundation.framework; sourceTree = "<group>"; };
		6E587D9C1C57377A009741E1 /* main.swift */ = {isa = PBXFileReference; fileEncoding = 4; lastKnownFileType = sourcecode.swift; path = main.swift; sourceTree = "<group>"; };
		6E587DAE1C5742BB009741E1 /* SeeURLTests.xctest */ = {isa = PBXFileReference; explicitFileType = wrapper.cfbundle; includeInIndex = 0; path = SeeURLTests.xctest; sourceTree = BUILT_PRODUCTS_DIR; };
		6E92A4411C15470A007BC4E9 /* cURL.swift */ = {isa = PBXFileReference; fileEncoding = 4; lastKnownFileType = sourcecode.swift; name = cURL.swift; path = ../../Sources/SeeURL/cURL.swift; sourceTree = "<group>"; };
		6E92A4421C15470A007BC4E9 /* cURLError.swift */ = {isa = PBXFileReference; fileEncoding = 4; lastKnownFileType = sourcecode.swift; name = cURLError.swift; path = ../../Sources/SeeURL/cURLError.swift; sourceTree = "<group>"; };
		6E92A4431C15470A007BC4E9 /* cURLReadFunction.swift */ = {isa = PBXFileReference; fileEncoding = 4; lastKnownFileType = sourcecode.swift; name = cURLReadFunction.swift; path = ../../Sources/SeeURL/cURLReadFunction.swift; sourceTree = "<group>"; };
		6E92A4441C15470A007BC4E9 /* cURLStringList.swift */ = {isa = PBXFileReference; fileEncoding = 4; lastKnownFileType = sourcecode.swift; name = cURLStringList.swift; path = ../../Sources/SeeURL/cURLStringList.swift; sourceTree = "<group>"; };
		6E92A4451C15470A007BC4E9 /* cURLWriteFunction.swift */ = {isa = PBXFileReference; fileEncoding = 4; lastKnownFileType = sourcecode.swift; name = cURLWriteFunction.swift; path = ../../Sources/SeeURL/cURLWriteFunction.swift; sourceTree = "<group>"; };
		6E92A4461C15470A007BC4E9 /* HTTPClient.swift */ = {isa = PBXFileReference; fileEncoding = 4; lastKnownFileType = sourcecode.swift; name = HTTPClient.swift; path = ../../Sources/SeeURL/HTTPClient.swift; sourceTree = "<group>"; };
/* End PBXFileReference section */

/* Begin PBXFrameworksBuildPhase section */
		6E18ED701C56823E002896B6 /* Frameworks */ = {
			isa = PBXFrameworksBuildPhase;
			buildActionMask = 2147483647;
			files = (
			);
			runOnlyForDeploymentPostprocessing = 0;
		};
		6E2F72011C15255100E81D56 /* Frameworks */ = {
			isa = PBXFrameworksBuildPhase;
			buildActionMask = 2147483647;
			files = (
			);
			runOnlyForDeploymentPostprocessing = 0;
		};
		6E2F720C1C15255100E81D56 /* Frameworks */ = {
			isa = PBXFrameworksBuildPhase;
			buildActionMask = 2147483647;
			files = (
				6E2F72101C15255100E81D56 /* SeeURL.framework in Frameworks */,
			);
			runOnlyForDeploymentPostprocessing = 0;
		};
		6E587DA41C5742BB009741E1 /* Frameworks */ = {
			isa = PBXFrameworksBuildPhase;
			buildActionMask = 2147483647;
			files = (
				6E587DA51C5742BB009741E1 /* SeeURL.framework in Frameworks */,
			);
			runOnlyForDeploymentPostprocessing = 0;
		};
/* End PBXFrameworksBuildPhase section */

/* Begin PBXGroup section */
		6E18ED621C5681F9002896B6 /* SeeURL */ = {
			isa = PBXGroup;
			children = (
				6E92A4411C15470A007BC4E9 /* cURL.swift */,
				6E92A4421C15470A007BC4E9 /* cURLError.swift */,
				6E92A4431C15470A007BC4E9 /* cURLReadFunction.swift */,
				6E92A4451C15470A007BC4E9 /* cURLWriteFunction.swift */,
				6E92A4441C15470A007BC4E9 /* cURLStringList.swift */,
				6E92A4461C15470A007BC4E9 /* HTTPClient.swift */,
			);
			name = SeeURL;
			path = ../Sources/SeeURL;
			sourceTree = "<group>";
		};
		6E18ED631C568213002896B6 /* UnitTests */ = {
			isa = PBXGroup;
			children = (
				6E18ED791C5685BF002896B6 /* cURLTests.swift */,
				6E18ED7A1C5685BF002896B6 /* HTTPClientTests.swift */,
				6E587D9C1C57377A009741E1 /* main.swift */,
			);
			name = UnitTests;
			path = ../Sources/UnitTests;
			sourceTree = "<group>";
		};
		6E18ED7D1C56C303002896B6 /* Swift Compatibility Header */ = {
			isa = PBXGroup;
			children = (
				6E18ED7E1C56C346002896B6 /* cURLSwift.h */,
			);
			name = "Swift Compatibility Header";
			path = "../Swift Compatibility Header";
			sourceTree = "<group>";
		};
		6E2F71FB1C15255100E81D56 = {
			isa = PBXGroup;
			children = (
				6E587D801C56D17E009741E1 /* Dependencies */,
				6E18ED7D1C56C303002896B6 /* Swift Compatibility Header */,
				6E92A4401C1546FB007BC4E9 /* Source */,
				6E2F72071C15255100E81D56 /* SeeURL */,
				6E2F72131C15255100E81D56 /* SeeURLTests */,
				6E2F72061C15255100E81D56 /* Products */,
			);
			sourceTree = "<group>";
		};
		6E2F72061C15255100E81D56 /* Products */ = {
			isa = PBXGroup;
			children = (
				6E2F72051C15255100E81D56 /* SeeURL.framework */,
				6E2F720F1C15255100E81D56 /* SeeURLTests.xctest */,
				6E18ED771C56823E002896B6 /* SeeURL.framework */,
				6E587DAE1C5742BB009741E1 /* SeeURLTests.xctest */,
			);
			name = Products;
			sourceTree = "<group>";
		};
		6E2F72071C15255100E81D56 /* SeeURL */ = {
			isa = PBXGroup;
			children = (
				6E2F72081C15255100E81D56 /* SeeURL.h */,
				6E2F720A1C15255100E81D56 /* Info.plist */,
			);
			path = SeeURL;
			sourceTree = "<group>";
		};
		6E2F72131C15255100E81D56 /* SeeURLTests */ = {
			isa = PBXGroup;
			children = (
				6E2F72161C15255100E81D56 /* Info.plist */,
			);
			path = SeeURLTests;
			sourceTree = "<group>";
		};
		6E587D801C56D17E009741E1 /* Dependencies */ = {
			isa = PBXGroup;
			children = (
				6E587D811C56D1AD009741E1 /* iOS */,
				6E587D921C56D1AD009741E1 /* Mac */,
			);
			name = Dependencies;
			sourceTree = "<group>";
		};
		6E587D811C56D1AD009741E1 /* iOS */ = {
			isa = PBXGroup;
			children = (
				6E587D8C1C56D1AD009741E1 /* cURL.framework */,
				6E587D8E1C56D1AD009741E1 /* JSON.framework */,
				6E587D901C56D1AD009741E1 /* SwiftFoundation.framework */,
			);
			name = iOS;
			path = ../Carthage/Build/iOS;
			sourceTree = "<group>";
		};
		6E587D921C56D1AD009741E1 /* Mac */ = {
			isa = PBXGroup;
			children = (
				6E587D931C56D1AD009741E1 /* cURL.framework */,
				6E587D951C56D1AD009741E1 /* JSON.framework */,
				6E587D971C56D1AD009741E1 /* SwiftFoundation.framework */,
			);
			name = Mac;
			path = ../Carthage/Build/Mac;
			sourceTree = "<group>";
		};
		6E92A4401C1546FB007BC4E9 /* Source */ = {
			isa = PBXGroup;
			children = (
				6E18ED621C5681F9002896B6 /* SeeURL */,
				6E18ED631C568213002896B6 /* UnitTests */,
			);
			name = Source;
			sourceTree = "<group>";
		};
/* End PBXGroup section */

/* Begin PBXHeadersBuildPhase section */
		6E18ED711C56823E002896B6 /* Headers */ = {
			isa = PBXHeadersBuildPhase;
			buildActionMask = 2147483647;
			files = (
				6E18ED801C56C346002896B6 /* cURLSwift.h in Headers */,
				6E18ED721C56823E002896B6 /* SeeURL.h in Headers */,
			);
			runOnlyForDeploymentPostprocessing = 0;
		};
		6E2F72021C15255100E81D56 /* Headers */ = {
			isa = PBXHeadersBuildPhase;
			buildActionMask = 2147483647;
			files = (
				6E18ED7F1C56C346002896B6 /* cURLSwift.h in Headers */,
				6E2F72091C15255100E81D56 /* SeeURL.h in Headers */,
			);
			runOnlyForDeploymentPostprocessing = 0;
		};
/* End PBXHeadersBuildPhase section */

/* Begin PBXNativeTarget section */
		6E18ED681C56823E002896B6 /* SeeURL iOS */ = {
			isa = PBXNativeTarget;
			buildConfigurationList = 6E18ED741C56823E002896B6 /* Build configuration list for PBXNativeTarget "SeeURL iOS" */;
			buildPhases = (
				6E18ED691C56823E002896B6 /* Sources */,
				6E18ED701C56823E002896B6 /* Frameworks */,
				6E18ED711C56823E002896B6 /* Headers */,
				6E18ED731C56823E002896B6 /* Resources */,
			);
			buildRules = (
			);
			dependencies = (
			);
			name = "SeeURL iOS";
			productName = SeeURL;
			productReference = 6E18ED771C56823E002896B6 /* SeeURL.framework */;
			productType = "com.apple.product-type.framework";
		};
		6E2F72041C15255100E81D56 /* SeeURL OS X */ = {
			isa = PBXNativeTarget;
			buildConfigurationList = 6E2F72191C15255100E81D56 /* Build configuration list for PBXNativeTarget "SeeURL OS X" */;
			buildPhases = (
				6E2F72001C15255100E81D56 /* Sources */,
				6E2F72011C15255100E81D56 /* Frameworks */,
				6E2F72021C15255100E81D56 /* Headers */,
				6E2F72031C15255100E81D56 /* Resources */,
			);
			buildRules = (
			);
			dependencies = (
			);
			name = "SeeURL OS X";
			productName = SeeURL;
			productReference = 6E2F72051C15255100E81D56 /* SeeURL.framework */;
			productType = "com.apple.product-type.framework";
		};
		6E2F720E1C15255100E81D56 /* SeeURLTests OS X */ = {
			isa = PBXNativeTarget;
			buildConfigurationList = 6E2F721C1C15255100E81D56 /* Build configuration list for PBXNativeTarget "SeeURLTests OS X" */;
			buildPhases = (
				6E2F720B1C15255100E81D56 /* Sources */,
				6E2F720C1C15255100E81D56 /* Frameworks */,
				6E2F720D1C15255100E81D56 /* Resources */,
				6E587D7F1C56D16E009741E1 /* Copy Frameworks */,
			);
			buildRules = (
			);
			dependencies = (
				6E2F72121C15255100E81D56 /* PBXTargetDependency */,
			);
			name = "SeeURLTests OS X";
			productName = SeeURLTests;
			productReference = 6E2F720F1C15255100E81D56 /* SeeURLTests.xctest */;
			productType = "com.apple.product-type.bundle.unit-test";
		};
		6E587D9E1C5742BB009741E1 /* SeeURLTests iOS */ = {
			isa = PBXNativeTarget;
			buildConfigurationList = 6E587DAB1C5742BB009741E1 /* Build configuration list for PBXNativeTarget "SeeURLTests iOS" */;
			buildPhases = (
				6E587DA11C5742BB009741E1 /* Sources */,
				6E587DA41C5742BB009741E1 /* Frameworks */,
				6E587DA61C5742BB009741E1 /* Resources */,
				6E587DA71C5742BB009741E1 /* Copy Frameworks */,
			);
			buildRules = (
			);
			dependencies = (
				6E587DB41C57442D009741E1 /* PBXTargetDependency */,
			);
			name = "SeeURLTests iOS";
			productName = SeeURLTests;
			productReference = 6E587DAE1C5742BB009741E1 /* SeeURLTests.xctest */;
			productType = "com.apple.product-type.bundle.unit-test";
		};
/* End PBXNativeTarget section */

/* Begin PBXProject section */
		6E2F71FC1C15255100E81D56 /* Project object */ = {
			isa = PBXProject;
			attributes = {
				LastSwiftUpdateCheck = 0720;
				LastUpgradeCheck = 0710;
				ORGANIZATIONNAME = PureSwift;
				TargetAttributes = {
					6E2F72041C15255100E81D56 = {
						CreatedOnToolsVersion = 7.1.1;
					};
					6E2F720E1C15255100E81D56 = {
						CreatedOnToolsVersion = 7.1.1;
					};
				};
			};
			buildConfigurationList = 6E2F71FF1C15255100E81D56 /* Build configuration list for PBXProject "SeeURL" */;
			compatibilityVersion = "Xcode 3.2";
			developmentRegion = English;
			hasScannedForEncodings = 0;
			knownRegions = (
				en,
				Base,
			);
			mainGroup = 6E2F71FB1C15255100E81D56;
			productRefGroup = 6E2F72061C15255100E81D56 /* Products */;
			projectDirPath = "";
			projectRoot = "";
			targets = (
				6E2F72041C15255100E81D56 /* SeeURL OS X */,
				6E2F720E1C15255100E81D56 /* SeeURLTests OS X */,
				6E18ED681C56823E002896B6 /* SeeURL iOS */,
				6E587D9E1C5742BB009741E1 /* SeeURLTests iOS */,
			);
		};
/* End PBXProject section */

/* Begin PBXResourcesBuildPhase section */
		6E18ED731C56823E002896B6 /* Resources */ = {
			isa = PBXResourcesBuildPhase;
			buildActionMask = 2147483647;
			files = (
			);
			runOnlyForDeploymentPostprocessing = 0;
		};
		6E2F72031C15255100E81D56 /* Resources */ = {
			isa = PBXResourcesBuildPhase;
			buildActionMask = 2147483647;
			files = (
			);
			runOnlyForDeploymentPostprocessing = 0;
		};
		6E2F720D1C15255100E81D56 /* Resources */ = {
			isa = PBXResourcesBuildPhase;
			buildActionMask = 2147483647;
			files = (
			);
			runOnlyForDeploymentPostprocessing = 0;
		};
		6E587DA61C5742BB009741E1 /* Resources */ = {
			isa = PBXResourcesBuildPhase;
			buildActionMask = 2147483647;
			files = (
			);
			runOnlyForDeploymentPostprocessing = 0;
		};
/* End PBXResourcesBuildPhase section */

/* Begin PBXSourcesBuildPhase section */
		6E18ED691C56823E002896B6 /* Sources */ = {
			isa = PBXSourcesBuildPhase;
			buildActionMask = 2147483647;
			files = (
				6E18ED6A1C56823E002896B6 /* cURLStringList.swift in Sources */,
				6E18ED6B1C56823E002896B6 /* cURLWriteFunction.swift in Sources */,
				6E18ED6C1C56823E002896B6 /* HTTPClient.swift in Sources */,
				6E18ED6D1C56823E002896B6 /* cURLReadFunction.swift in Sources */,
				6E18ED6E1C56823E002896B6 /* cURLError.swift in Sources */,
				6E18ED6F1C56823E002896B6 /* cURL.swift in Sources */,
			);
			runOnlyForDeploymentPostprocessing = 0;
		};
		6E2F72001C15255100E81D56 /* Sources */ = {
			isa = PBXSourcesBuildPhase;
			buildActionMask = 2147483647;
			files = (
				6E92A44A1C15470A007BC4E9 /* cURLStringList.swift in Sources */,
				6E92A44B1C15470A007BC4E9 /* cURLWriteFunction.swift in Sources */,
				6E92A44C1C15470A007BC4E9 /* HTTPClient.swift in Sources */,
				6E92A4491C15470A007BC4E9 /* cURLReadFunction.swift in Sources */,
				6E92A4481C15470A007BC4E9 /* cURLError.swift in Sources */,
				6E92A4471C15470A007BC4E9 /* cURL.swift in Sources */,
			);
			runOnlyForDeploymentPostprocessing = 0;
		};
		6E2F720B1C15255100E81D56 /* Sources */ = {
			isa = PBXSourcesBuildPhase;
			buildActionMask = 2147483647;
			files = (
				6E18ED7C1C5685BF002896B6 /* HTTPClientTests.swift in Sources */,
				6E18ED7B1C5685BF002896B6 /* cURLTests.swift in Sources */,
			);
			runOnlyForDeploymentPostprocessing = 0;
		};
		6E587DA11C5742BB009741E1 /* Sources */ = {
			isa = PBXSourcesBuildPhase;
			buildActionMask = 2147483647;
			files = (
				6E7AD60A1C574786009C662B /* HTTPClientTests.swift in Sources */,
				6E7AD6091C57477C009C662B /* cURLTests.swift in Sources */,
			);
			runOnlyForDeploymentPostprocessing = 0;
		};
/* End PBXSourcesBuildPhase section */

/* Begin PBXTargetDependency section */
		6E2F72121C15255100E81D56 /* PBXTargetDependency */ = {
			isa = PBXTargetDependency;
			target = 6E2F72041C15255100E81D56 /* SeeURL OS X */;
			targetProxy = 6E2F72111C15255100E81D56 /* PBXContainerItemProxy */;
		};
		6E587DB41C57442D009741E1 /* PBXTargetDependency */ = {
			isa = PBXTargetDependency;
			target = 6E18ED681C56823E002896B6 /* SeeURL iOS */;
			targetProxy = 6E587DB31C57442D009741E1 /* PBXContainerItemProxy */;
		};
/* End PBXTargetDependency section */

/* Begin XCBuildConfiguration section */
		6E18ED751C56823E002896B6 /* Debug */ = {
			isa = XCBuildConfiguration;
			buildSettings = {
				CLANG_ENABLE_MODULES = YES;
				CODE_SIGN_IDENTITY = "iPhone Developer";
				COMBINE_HIDPI_IMAGES = YES;
				DEFINES_MODULE = YES;
				DYLIB_COMPATIBILITY_VERSION = 1;
				DYLIB_CURRENT_VERSION = 1;
				DYLIB_INSTALL_NAME_BASE = "@rpath";
				FRAMEWORK_SEARCH_PATHS = $SRCROOT/../Carthage/Build/iOS;
				FRAMEWORK_VERSION = A;
				INFOPLIST_FILE = "$(SRCROOT)/SeeURL/Info.plist";
				INSTALL_PATH = "$(LOCAL_LIBRARY_DIR)/Frameworks";
				LD_RUNPATH_SEARCH_PATHS = "$(inherited) @executable_path/Frameworks @loader_path/Frameworks";
				PRODUCT_BUNDLE_IDENTIFIER = org.pureswift.SeeURL;
				PRODUCT_NAME = SeeURL;
				SDKROOT = iphoneos;
				SKIP_INSTALL = YES;
				SWIFT_OPTIMIZATION_LEVEL = "-Onone";
				TARGETED_DEVICE_FAMILY = "1,2";
			};
			name = Debug;
		};
		6E18ED761C56823E002896B6 /* Release */ = {
			isa = XCBuildConfiguration;
			buildSettings = {
				CLANG_ENABLE_MODULES = YES;
				CODE_SIGN_IDENTITY = "iPhone Developer";
				COMBINE_HIDPI_IMAGES = YES;
				DEFINES_MODULE = YES;
				DYLIB_COMPATIBILITY_VERSION = 1;
				DYLIB_CURRENT_VERSION = 1;
				DYLIB_INSTALL_NAME_BASE = "@rpath";
				FRAMEWORK_SEARCH_PATHS = $SRCROOT/../Carthage/Build/iOS;
				FRAMEWORK_VERSION = A;
				INFOPLIST_FILE = "$(SRCROOT)/SeeURL/Info.plist";
				INSTALL_PATH = "$(LOCAL_LIBRARY_DIR)/Frameworks";
				LD_RUNPATH_SEARCH_PATHS = "$(inherited) @executable_path/Frameworks @loader_path/Frameworks";
				PRODUCT_BUNDLE_IDENTIFIER = org.pureswift.SeeURL;
				PRODUCT_NAME = SeeURL;
				SDKROOT = iphoneos;
				SKIP_INSTALL = YES;
				TARGETED_DEVICE_FAMILY = "1,2";
			};
			name = Release;
		};
		6E2F72171C15255100E81D56 /* Debug */ = {
			isa = XCBuildConfiguration;
			buildSettings = {
				ALWAYS_SEARCH_USER_PATHS = NO;
				CLANG_CXX_LANGUAGE_STANDARD = "gnu++0x";
				CLANG_CXX_LIBRARY = "libc++";
				CLANG_ENABLE_MODULES = YES;
				CLANG_ENABLE_OBJC_ARC = YES;
				CLANG_WARN_BOOL_CONVERSION = YES;
				CLANG_WARN_CONSTANT_CONVERSION = YES;
				CLANG_WARN_DIRECT_OBJC_ISA_USAGE = YES_ERROR;
				CLANG_WARN_EMPTY_BODY = YES;
				CLANG_WARN_ENUM_CONVERSION = YES;
				CLANG_WARN_INT_CONVERSION = YES;
				CLANG_WARN_OBJC_ROOT_CLASS = YES_ERROR;
				CLANG_WARN_UNREACHABLE_CODE = YES;
				CLANG_WARN__DUPLICATE_METHOD_MATCH = YES;
				CODE_SIGN_IDENTITY = "";
				COPY_PHASE_STRIP = NO;
				CURRENT_PROJECT_VERSION = 1;
				DEBUG_INFORMATION_FORMAT = dwarf;
				ENABLE_STRICT_OBJC_MSGSEND = YES;
				ENABLE_TESTABILITY = YES;
				GCC_C_LANGUAGE_STANDARD = gnu99;
				GCC_DYNAMIC_NO_PIC = NO;
				GCC_NO_COMMON_BLOCKS = YES;
				GCC_OPTIMIZATION_LEVEL = 0;
				GCC_PREPROCESSOR_DEFINITIONS = (
					"DEBUG=1",
					"$(inherited)",
				);
				GCC_WARN_64_TO_32_BIT_CONVERSION = YES;
				GCC_WARN_ABOUT_RETURN_TYPE = YES_ERROR;
				GCC_WARN_UNDECLARED_SELECTOR = YES;
				GCC_WARN_UNINITIALIZED_AUTOS = YES_AGGRESSIVE;
				GCC_WARN_UNUSED_FUNCTION = YES;
				GCC_WARN_UNUSED_VARIABLE = YES;
				IPHONEOS_DEPLOYMENT_TARGET = 8.0;
				MACOSX_DEPLOYMENT_TARGET = 10.9;
				MTL_ENABLE_DEBUG_INFO = YES;
				ONLY_ACTIVE_ARCH = YES;
				SDKROOT = macosx;
				SWIFT_OPTIMIZATION_LEVEL = "-Onone";
				VERSIONING_SYSTEM = "apple-generic";
				VERSION_INFO_PREFIX = "";
			};
			name = Debug;
		};
		6E2F72181C15255100E81D56 /* Release */ = {
			isa = XCBuildConfiguration;
			buildSettings = {
				ALWAYS_SEARCH_USER_PATHS = NO;
				CLANG_CXX_LANGUAGE_STANDARD = "gnu++0x";
				CLANG_CXX_LIBRARY = "libc++";
				CLANG_ENABLE_MODULES = YES;
				CLANG_ENABLE_OBJC_ARC = YES;
				CLANG_WARN_BOOL_CONVERSION = YES;
				CLANG_WARN_CONSTANT_CONVERSION = YES;
				CLANG_WARN_DIRECT_OBJC_ISA_USAGE = YES_ERROR;
				CLANG_WARN_EMPTY_BODY = YES;
				CLANG_WARN_ENUM_CONVERSION = YES;
				CLANG_WARN_INT_CONVERSION = YES;
				CLANG_WARN_OBJC_ROOT_CLASS = YES_ERROR;
				CLANG_WARN_UNREACHABLE_CODE = YES;
				CLANG_WARN__DUPLICATE_METHOD_MATCH = YES;
				CODE_SIGN_IDENTITY = "";
				COPY_PHASE_STRIP = NO;
				CURRENT_PROJECT_VERSION = 1;
				DEBUG_INFORMATION_FORMAT = "dwarf-with-dsym";
				ENABLE_NS_ASSERTIONS = NO;
				ENABLE_STRICT_OBJC_MSGSEND = YES;
				GCC_C_LANGUAGE_STANDARD = gnu99;
				GCC_NO_COMMON_BLOCKS = YES;
				GCC_WARN_64_TO_32_BIT_CONVERSION = YES;
				GCC_WARN_ABOUT_RETURN_TYPE = YES_ERROR;
				GCC_WARN_UNDECLARED_SELECTOR = YES;
				GCC_WARN_UNINITIALIZED_AUTOS = YES_AGGRESSIVE;
				GCC_WARN_UNUSED_FUNCTION = YES;
				GCC_WARN_UNUSED_VARIABLE = YES;
				IPHONEOS_DEPLOYMENT_TARGET = 8.0;
				MACOSX_DEPLOYMENT_TARGET = 10.9;
				MTL_ENABLE_DEBUG_INFO = NO;
				SDKROOT = macosx;
				VERSIONING_SYSTEM = "apple-generic";
				VERSION_INFO_PREFIX = "";
			};
			name = Release;
		};
		6E2F721A1C15255100E81D56 /* Debug */ = {
			isa = XCBuildConfiguration;
			buildSettings = {
				CLANG_ENABLE_MODULES = YES;
				CODE_SIGN_IDENTITY = "";
				COMBINE_HIDPI_IMAGES = YES;
				DEFINES_MODULE = YES;
				DYLIB_COMPATIBILITY_VERSION = 1;
				DYLIB_CURRENT_VERSION = 1;
				DYLIB_INSTALL_NAME_BASE = "@rpath";
				EMBEDDED_CONTENT_CONTAINS_SWIFT = YES;
				FRAMEWORK_SEARCH_PATHS = $SRCROOT/../Carthage/Build/Mac;
				FRAMEWORK_VERSION = A;
				INFOPLIST_FILE = SeeURL/Info.plist;
				INSTALL_PATH = "$(LOCAL_LIBRARY_DIR)/Frameworks";
				LD_RUNPATH_SEARCH_PATHS = "$(inherited) @executable_path/../Frameworks @loader_path/Frameworks";
				PRODUCT_BUNDLE_IDENTIFIER = org.pureswift.SeeURL;
				PRODUCT_NAME = SeeURL;
				SKIP_INSTALL = YES;
				SWIFT_OPTIMIZATION_LEVEL = "-Onone";
			};
			name = Debug;
		};
		6E2F721B1C15255100E81D56 /* Release */ = {
			isa = XCBuildConfiguration;
			buildSettings = {
				CLANG_ENABLE_MODULES = YES;
				CODE_SIGN_IDENTITY = "";
				COMBINE_HIDPI_IMAGES = YES;
				DEFINES_MODULE = YES;
				DYLIB_COMPATIBILITY_VERSION = 1;
				DYLIB_CURRENT_VERSION = 1;
				DYLIB_INSTALL_NAME_BASE = "@rpath";
				EMBEDDED_CONTENT_CONTAINS_SWIFT = YES;
				FRAMEWORK_SEARCH_PATHS = $SRCROOT/../Carthage/Build/Mac;
				FRAMEWORK_VERSION = A;
				INFOPLIST_FILE = SeeURL/Info.plist;
				INSTALL_PATH = "$(LOCAL_LIBRARY_DIR)/Frameworks";
				LD_RUNPATH_SEARCH_PATHS = "$(inherited) @executable_path/../Frameworks @loader_path/Frameworks";
				PRODUCT_BUNDLE_IDENTIFIER = org.pureswift.SeeURL;
				PRODUCT_NAME = SeeURL;
				SKIP_INSTALL = YES;
			};
			name = Release;
		};
		6E2F721D1C15255100E81D56 /* Debug */ = {
			isa = XCBuildConfiguration;
			buildSettings = {
				CLANG_ENABLE_MODULES = YES;
				COMBINE_HIDPI_IMAGES = YES;
				FRAMEWORK_SEARCH_PATHS = $SRCROOT/../Carthage/Build/Mac;
				INFOPLIST_FILE = SeeURLTests/Info.plist;
				LD_RUNPATH_SEARCH_PATHS = "$(inherited) @executable_path/../Frameworks @loader_path/../Frameworks";
				PRODUCT_BUNDLE_IDENTIFIER = org.pureswift.SeeURLTests;
				PRODUCT_NAME = SeeURLTests;
				SWIFT_OPTIMIZATION_LEVEL = "-Onone";
			};
			name = Debug;
		};
		6E2F721E1C15255100E81D56 /* Release */ = {
			isa = XCBuildConfiguration;
			buildSettings = {
				CLANG_ENABLE_MODULES = YES;
				COMBINE_HIDPI_IMAGES = YES;
				FRAMEWORK_SEARCH_PATHS = $SRCROOT/../Carthage/Build/Mac;
				INFOPLIST_FILE = SeeURLTests/Info.plist;
				LD_RUNPATH_SEARCH_PATHS = "$(inherited) @executable_path/../Frameworks @loader_path/../Frameworks";
				PRODUCT_BUNDLE_IDENTIFIER = org.pureswift.SeeURLTests;
				PRODUCT_NAME = SeeURLTests;
			};
			name = Release;
		};
		6E587DAC1C5742BB009741E1 /* Debug */ = {
			isa = XCBuildConfiguration;
			buildSettings = {
				CLANG_ENABLE_MODULES = YES;
				COMBINE_HIDPI_IMAGES = YES;
				FRAMEWORK_SEARCH_PATHS = $SRCROOT/../Carthage/Build/iOS;
				INFOPLIST_FILE = SeeURLTests/Info.plist;
				LD_RUNPATH_SEARCH_PATHS = "$(inherited) @executable_path/Frameworks @loader_path/Frameworks";
				PRODUCT_BUNDLE_IDENTIFIER = org.pureswift.SeeURLTests;
				PRODUCT_NAME = SeeURLTests;
				SDKROOT = iphoneos;
				SWIFT_OPTIMIZATION_LEVEL = "-Onone";
			};
			name = Debug;
		};
		6E587DAD1C5742BB009741E1 /* Release */ = {
			isa = XCBuildConfiguration;
			buildSettings = {
				CLANG_ENABLE_MODULES = YES;
				COMBINE_HIDPI_IMAGES = YES;
				FRAMEWORK_SEARCH_PATHS = $SRCROOT/../Carthage/Build/iOS;
				INFOPLIST_FILE = SeeURLTests/Info.plist;
				LD_RUNPATH_SEARCH_PATHS = "$(inherited) @executable_path/Frameworks @loader_path/Frameworks";
				PRODUCT_BUNDLE_IDENTIFIER = org.pureswift.SeeURLTests;
				PRODUCT_NAME = SeeURLTests;
				SDKROOT = iphoneos;
			};
			name = Release;
		};
/* End XCBuildConfiguration section */

/* Begin XCConfigurationList section */
		6E18ED741C56823E002896B6 /* Build configuration list for PBXNativeTarget "SeeURL iOS" */ = {
			isa = XCConfigurationList;
			buildConfigurations = (
				6E18ED751C56823E002896B6 /* Debug */,
				6E18ED761C56823E002896B6 /* Release */,
			);
			defaultConfigurationIsVisible = 0;
			defaultConfigurationName = Release;
		};
		6E2F71FF1C15255100E81D56 /* Build configuration list for PBXProject "SeeURL" */ = {
			isa = XCConfigurationList;
			buildConfigurations = (
				6E2F72171C15255100E81D56 /* Debug */,
				6E2F72181C15255100E81D56 /* Release */,
			);
			defaultConfigurationIsVisible = 0;
			defaultConfigurationName = Release;
		};
		6E2F72191C15255100E81D56 /* Build configuration list for PBXNativeTarget "SeeURL OS X" */ = {
			isa = XCConfigurationList;
			buildConfigurations = (
				6E2F721A1C15255100E81D56 /* Debug */,
				6E2F721B1C15255100E81D56 /* Release */,
			);
			defaultConfigurationIsVisible = 0;
			defaultConfigurationName = Release;
		};
		6E2F721C1C15255100E81D56 /* Build configuration list for PBXNativeTarget "SeeURLTests OS X" */ = {
			isa = XCConfigurationList;
			buildConfigurations = (
				6E2F721D1C15255100E81D56 /* Debug */,
				6E2F721E1C15255100E81D56 /* Release */,
			);
			defaultConfigurationIsVisible = 0;
			defaultConfigurationName = Release;
		};
		6E587DAB1C5742BB009741E1 /* Build configuration list for PBXNativeTarget "SeeURLTests iOS" */ = {
			isa = XCConfigurationList;
			buildConfigurations = (
				6E587DAC1C5742BB009741E1 /* Debug */,
				6E587DAD1C5742BB009741E1 /* Release */,
			);
			defaultConfigurationIsVisible = 0;
			defaultConfigurationName = Release;
		};
/* End XCConfigurationList section */
	};
	rootObject = 6E2F71FC1C15255100E81D56 /* Project object */;
}
