// !$*UTF8*$!
{
	archiveVersion = 1;
	classes = {
	};
	objectVersion = 46;
	objects = {

/* Begin PBXBuildFile section */
		6E2F72091C15255100E81D56 /* SeeURL.h in Headers */ = {isa = PBXBuildFile; fileRef = 6E2F72081C15255100E81D56 /* SeeURL.h */; settings = {ATTRIBUTES = (Public, ); }; };
		6E2F72101C15255100E81D56 /* SeeURL.framework in Frameworks */ = {isa = PBXBuildFile; fileRef = 6E2F72051C15255100E81D56 /* SeeURL.framework */; };
		6E2F72301C1525D600E81D56 /* cURLTests.swift in Sources */ = {isa = PBXBuildFile; fileRef = 6E2F722D1C1525D600E81D56 /* cURLTests.swift */; };
		6E2F72311C1525D600E81D56 /* HTTPClientTests.swift in Sources */ = {isa = PBXBuildFile; fileRef = 6E2F722E1C1525D600E81D56 /* HTTPClientTests.swift */; };
		6E92A4471C15470A007BC4E9 /* cURL.swift in Sources */ = {isa = PBXBuildFile; fileRef = 6E92A4411C15470A007BC4E9 /* cURL.swift */; };
		6E92A4481C15470A007BC4E9 /* cURLError.swift in Sources */ = {isa = PBXBuildFile; fileRef = 6E92A4421C15470A007BC4E9 /* cURLError.swift */; };
		6E92A4491C15470A007BC4E9 /* cURLReadFunction.swift in Sources */ = {isa = PBXBuildFile; fileRef = 6E92A4431C15470A007BC4E9 /* cURLReadFunction.swift */; };
		6E92A44A1C15470A007BC4E9 /* cURLStringList.swift in Sources */ = {isa = PBXBuildFile; fileRef = 6E92A4441C15470A007BC4E9 /* cURLStringList.swift */; };
		6E92A44B1C15470A007BC4E9 /* cURLWriteFunction.swift in Sources */ = {isa = PBXBuildFile; fileRef = 6E92A4451C15470A007BC4E9 /* cURLWriteFunction.swift */; };
		6E92A44C1C15470A007BC4E9 /* HTTPClient.swift in Sources */ = {isa = PBXBuildFile; fileRef = 6E92A4461C15470A007BC4E9 /* HTTPClient.swift */; };
		6E92A4751C156F75007BC4E9 /* AppDelegate.swift in Sources */ = {isa = PBXBuildFile; fileRef = 6E92A4741C156F75007BC4E9 /* AppDelegate.swift */; };
		6E92A4771C156F75007BC4E9 /* ViewController.swift in Sources */ = {isa = PBXBuildFile; fileRef = 6E92A4761C156F75007BC4E9 /* ViewController.swift */; };
		6E92A4791C156F75007BC4E9 /* Assets.xcassets in Resources */ = {isa = PBXBuildFile; fileRef = 6E92A4781C156F75007BC4E9 /* Assets.xcassets */; };
		6E92A47C1C156F75007BC4E9 /* Main.storyboard in Resources */ = {isa = PBXBuildFile; fileRef = 6E92A47A1C156F75007BC4E9 /* Main.storyboard */; };
		6E92A4811C156F7D007BC4E9 /* cURL.swift in Sources */ = {isa = PBXBuildFile; fileRef = 6E92A4411C15470A007BC4E9 /* cURL.swift */; };
		6E92A4821C156F7D007BC4E9 /* cURLError.swift in Sources */ = {isa = PBXBuildFile; fileRef = 6E92A4421C15470A007BC4E9 /* cURLError.swift */; };
		6E92A4831C156F7D007BC4E9 /* cURLReadFunction.swift in Sources */ = {isa = PBXBuildFile; fileRef = 6E92A4431C15470A007BC4E9 /* cURLReadFunction.swift */; };
		6E92A4841C156F7D007BC4E9 /* cURLStringList.swift in Sources */ = {isa = PBXBuildFile; fileRef = 6E92A4441C15470A007BC4E9 /* cURLStringList.swift */; };
		6E92A4851C156F7D007BC4E9 /* cURLWriteFunction.swift in Sources */ = {isa = PBXBuildFile; fileRef = 6E92A4451C15470A007BC4E9 /* cURLWriteFunction.swift */; };
		6E92A4861C156F7D007BC4E9 /* HTTPClient.swift in Sources */ = {isa = PBXBuildFile; fileRef = 6E92A4461C15470A007BC4E9 /* HTTPClient.swift */; };
		6E92A49B1C1571D8007BC4E9 /* AppDelegate.swift in Sources */ = {isa = PBXBuildFile; fileRef = 6E92A49A1C1571D8007BC4E9 /* AppDelegate.swift */; };
		6E92A49D1C1571D8007BC4E9 /* ViewController.swift in Sources */ = {isa = PBXBuildFile; fileRef = 6E92A49C1C1571D8007BC4E9 /* ViewController.swift */; };
		6E92A4A01C1571D8007BC4E9 /* Main.storyboard in Resources */ = {isa = PBXBuildFile; fileRef = 6E92A49E1C1571D8007BC4E9 /* Main.storyboard */; };
		6E92A4A21C1571D8007BC4E9 /* Assets.xcassets in Resources */ = {isa = PBXBuildFile; fileRef = 6E92A4A11C1571D8007BC4E9 /* Assets.xcassets */; };
		6E92A4A51C1571D8007BC4E9 /* LaunchScreen.storyboard in Resources */ = {isa = PBXBuildFile; fileRef = 6E92A4A31C1571D8007BC4E9 /* LaunchScreen.storyboard */; };
		6E92A4AA1C1571FF007BC4E9 /* cURL.swift in Sources */ = {isa = PBXBuildFile; fileRef = 6E92A4411C15470A007BC4E9 /* cURL.swift */; };
		6E92A4AB1C1571FF007BC4E9 /* cURLError.swift in Sources */ = {isa = PBXBuildFile; fileRef = 6E92A4421C15470A007BC4E9 /* cURLError.swift */; };
		6E92A4AC1C1571FF007BC4E9 /* cURLReadFunction.swift in Sources */ = {isa = PBXBuildFile; fileRef = 6E92A4431C15470A007BC4E9 /* cURLReadFunction.swift */; };
		6E92A4AD1C1571FF007BC4E9 /* cURLStringList.swift in Sources */ = {isa = PBXBuildFile; fileRef = 6E92A4441C15470A007BC4E9 /* cURLStringList.swift */; };
		6E92A4AE1C1571FF007BC4E9 /* cURLWriteFunction.swift in Sources */ = {isa = PBXBuildFile; fileRef = 6E92A4451C15470A007BC4E9 /* cURLWriteFunction.swift */; };
		6E92A4AF1C1571FF007BC4E9 /* HTTPClient.swift in Sources */ = {isa = PBXBuildFile; fileRef = 6E92A4461C15470A007BC4E9 /* HTTPClient.swift */; };
		6E92A4BB1C15724B007BC4E9 /* HTTP.swift in Sources */ = {isa = PBXBuildFile; fileRef = 6E92A4B01C15724B007BC4E9 /* HTTP.swift */; };
		6E92A4BC1C15724B007BC4E9 /* HTTPRequest.swift in Sources */ = {isa = PBXBuildFile; fileRef = 6E92A4B11C15724B007BC4E9 /* HTTPRequest.swift */; };
		6E92A4BD1C15724B007BC4E9 /* HTTPResponse.swift in Sources */ = {isa = PBXBuildFile; fileRef = 6E92A4B21C15724B007BC4E9 /* HTTPResponse.swift */; };
		6E92A4BE1C15724B007BC4E9 /* HTTPMethod.swift in Sources */ = {isa = PBXBuildFile; fileRef = 6E92A4B31C15724B007BC4E9 /* HTTPMethod.swift */; };
		6E92A4BF1C15724B007BC4E9 /* HTTPVersion.swift in Sources */ = {isa = PBXBuildFile; fileRef = 6E92A4B41C15724B007BC4E9 /* HTTPVersion.swift */; };
		6E92A4C01C15724B007BC4E9 /* HTTPStatusCode.swift in Sources */ = {isa = PBXBuildFile; fileRef = 6E92A4B51C15724B007BC4E9 /* HTTPStatusCode.swift */; };
		6E92A4C11C15724B007BC4E9 /* URL.swift in Sources */ = {isa = PBXBuildFile; fileRef = 6E92A4B61C15724B007BC4E9 /* URL.swift */; };
		6E92A4C21C15724B007BC4E9 /* URLProtocol.swift in Sources */ = {isa = PBXBuildFile; fileRef = 6E92A4B71C15724B007BC4E9 /* URLProtocol.swift */; };
		6E92A4C31C15724B007BC4E9 /* URLRequest.swift in Sources */ = {isa = PBXBuildFile; fileRef = 6E92A4B81C15724B007BC4E9 /* URLRequest.swift */; };
		6E92A4C41C15724B007BC4E9 /* URLResponse.swift in Sources */ = {isa = PBXBuildFile; fileRef = 6E92A4B91C15724B007BC4E9 /* URLResponse.swift */; };
		6E92A4C51C15724B007BC4E9 /* URLClient.swift in Sources */ = {isa = PBXBuildFile; fileRef = 6E92A4BA1C15724B007BC4E9 /* URLClient.swift */; };
		6E92A4DF1C1574BE007BC4E9 /* Data.swift in Sources */ = {isa = PBXBuildFile; fileRef = 6E92A4DE1C1574BE007BC4E9 /* Data.swift */; };
/* End PBXBuildFile section */

/* Begin PBXContainerItemProxy section */
		6E2F72111C15255100E81D56 /* PBXContainerItemProxy */ = {
			isa = PBXContainerItemProxy;
			containerPortal = 6E2F71FC1C15255100E81D56 /* Project object */;
			proxyType = 1;
			remoteGlobalIDString = 6E2F72041C15255100E81D56;
			remoteInfo = SeeURL;
		};
/* End PBXContainerItemProxy section */

/* Begin PBXFileReference section */
		6E2F72051C15255100E81D56 /* SeeURL.framework */ = {isa = PBXFileReference; explicitFileType = wrapper.framework; includeInIndex = 0; path = SeeURL.framework; sourceTree = BUILT_PRODUCTS_DIR; };
		6E2F72081C15255100E81D56 /* SeeURL.h */ = {isa = PBXFileReference; lastKnownFileType = sourcecode.c.h; path = SeeURL.h; sourceTree = "<group>"; };
		6E2F720A1C15255100E81D56 /* Info.plist */ = {isa = PBXFileReference; lastKnownFileType = text.plist.xml; path = Info.plist; sourceTree = "<group>"; };
		6E2F720F1C15255100E81D56 /* SeeURLTests.xctest */ = {isa = PBXFileReference; explicitFileType = wrapper.cfbundle; includeInIndex = 0; path = SeeURLTests.xctest; sourceTree = BUILT_PRODUCTS_DIR; };
		6E2F72161C15255100E81D56 /* Info.plist */ = {isa = PBXFileReference; lastKnownFileType = text.plist.xml; path = Info.plist; sourceTree = "<group>"; };
		6E2F722D1C1525D600E81D56 /* cURLTests.swift */ = {isa = PBXFileReference; fileEncoding = 4; lastKnownFileType = sourcecode.swift; name = cURLTests.swift; path = ../../../Sources/UnitTests/cURLTests.swift; sourceTree = "<group>"; };
		6E2F722E1C1525D600E81D56 /* HTTPClientTests.swift */ = {isa = PBXFileReference; fileEncoding = 4; lastKnownFileType = sourcecode.swift; name = HTTPClientTests.swift; path = ../../../Sources/UnitTests/HTTPClientTests.swift; sourceTree = "<group>"; };
		6E92A4411C15470A007BC4E9 /* cURL.swift */ = {isa = PBXFileReference; fileEncoding = 4; lastKnownFileType = sourcecode.swift; name = cURL.swift; path = ../../Sources/SeeURL/cURL.swift; sourceTree = "<group>"; };
		6E92A4421C15470A007BC4E9 /* cURLError.swift */ = {isa = PBXFileReference; fileEncoding = 4; lastKnownFileType = sourcecode.swift; name = cURLError.swift; path = ../../Sources/SeeURL/cURLError.swift; sourceTree = "<group>"; };
		6E92A4431C15470A007BC4E9 /* cURLReadFunction.swift */ = {isa = PBXFileReference; fileEncoding = 4; lastKnownFileType = sourcecode.swift; name = cURLReadFunction.swift; path = ../../Sources/SeeURL/cURLReadFunction.swift; sourceTree = "<group>"; };
		6E92A4441C15470A007BC4E9 /* cURLStringList.swift */ = {isa = PBXFileReference; fileEncoding = 4; lastKnownFileType = sourcecode.swift; name = cURLStringList.swift; path = ../../Sources/SeeURL/cURLStringList.swift; sourceTree = "<group>"; };
		6E92A4451C15470A007BC4E9 /* cURLWriteFunction.swift */ = {isa = PBXFileReference; fileEncoding = 4; lastKnownFileType = sourcecode.swift; name = cURLWriteFunction.swift; path = ../../Sources/SeeURL/cURLWriteFunction.swift; sourceTree = "<group>"; };
		6E92A4461C15470A007BC4E9 /* HTTPClient.swift */ = {isa = PBXFileReference; fileEncoding = 4; lastKnownFileType = sourcecode.swift; name = HTTPClient.swift; path = ../../Sources/SeeURL/HTTPClient.swift; sourceTree = "<group>"; };
		6E92A44D1C15510A007BC4E9 /* Package.swift */ = {isa = PBXFileReference; lastKnownFileType = sourcecode.swift; name = Package.swift; path = ../../Package.swift; sourceTree = "<group>"; };
		6E92A4721C156F75007BC4E9 /* TestApp.app */ = {isa = PBXFileReference; explicitFileType = wrapper.application; includeInIndex = 0; path = TestApp.app; sourceTree = BUILT_PRODUCTS_DIR; };
		6E92A4741C156F75007BC4E9 /* AppDelegate.swift */ = {isa = PBXFileReference; lastKnownFileType = sourcecode.swift; path = AppDelegate.swift; sourceTree = "<group>"; };
		6E92A4761C156F75007BC4E9 /* ViewController.swift */ = {isa = PBXFileReference; lastKnownFileType = sourcecode.swift; path = ViewController.swift; sourceTree = "<group>"; };
		6E92A4781C156F75007BC4E9 /* Assets.xcassets */ = {isa = PBXFileReference; lastKnownFileType = folder.assetcatalog; path = Assets.xcassets; sourceTree = "<group>"; };
		6E92A47B1C156F75007BC4E9 /* Base */ = {isa = PBXFileReference; lastKnownFileType = file.storyboard; name = Base; path = Base.lproj/Main.storyboard; sourceTree = "<group>"; };
		6E92A47D1C156F75007BC4E9 /* Info.plist */ = {isa = PBXFileReference; lastKnownFileType = text.plist.xml; path = Info.plist; sourceTree = "<group>"; };
		6E92A4871C156FA0007BC4E9 /* TestApp-Bridging-Header.h */ = {isa = PBXFileReference; lastKnownFileType = sourcecode.c.h; path = "TestApp-Bridging-Header.h"; sourceTree = "<group>"; };
		6E92A48B1C15702B007BC4E9 /* curl.h */ = {isa = PBXFileReference; fileEncoding = 4; lastKnownFileType = sourcecode.c.h; path = curl.h; sourceTree = "<group>"; };
		6E92A48C1C15702B007BC4E9 /* curlbuild.h */ = {isa = PBXFileReference; fileEncoding = 4; lastKnownFileType = sourcecode.c.h; path = curlbuild.h; sourceTree = "<group>"; };
		6E92A48D1C15702B007BC4E9 /* curlrules.h */ = {isa = PBXFileReference; fileEncoding = 4; lastKnownFileType = sourcecode.c.h; path = curlrules.h; sourceTree = "<group>"; };
		6E92A48E1C15702B007BC4E9 /* curlver.h */ = {isa = PBXFileReference; fileEncoding = 4; lastKnownFileType = sourcecode.c.h; path = curlver.h; sourceTree = "<group>"; };
		6E92A48F1C15702B007BC4E9 /* easy.h */ = {isa = PBXFileReference; fileEncoding = 4; lastKnownFileType = sourcecode.c.h; path = easy.h; sourceTree = "<group>"; };
		6E92A4901C15702B007BC4E9 /* mprintf.h */ = {isa = PBXFileReference; fileEncoding = 4; lastKnownFileType = sourcecode.c.h; path = mprintf.h; sourceTree = "<group>"; };
		6E92A4911C15702B007BC4E9 /* multi.h */ = {isa = PBXFileReference; fileEncoding = 4; lastKnownFileType = sourcecode.c.h; path = multi.h; sourceTree = "<group>"; };
		6E92A4921C15702B007BC4E9 /* stdcheaders.h */ = {isa = PBXFileReference; fileEncoding = 4; lastKnownFileType = sourcecode.c.h; path = stdcheaders.h; sourceTree = "<group>"; };
		6E92A4931C15702B007BC4E9 /* typecheck-gcc.h */ = {isa = PBXFileReference; fileEncoding = 4; lastKnownFileType = sourcecode.c.h; path = "typecheck-gcc.h"; sourceTree = "<group>"; };
		6E92A4981C1571D8007BC4E9 /* iOSTestApp.app */ = {isa = PBXFileReference; explicitFileType = wrapper.application; includeInIndex = 0; path = iOSTestApp.app; sourceTree = BUILT_PRODUCTS_DIR; };
		6E92A49A1C1571D8007BC4E9 /* AppDelegate.swift */ = {isa = PBXFileReference; lastKnownFileType = sourcecode.swift; path = AppDelegate.swift; sourceTree = "<group>"; };
		6E92A49C1C1571D8007BC4E9 /* ViewController.swift */ = {isa = PBXFileReference; lastKnownFileType = sourcecode.swift; path = ViewController.swift; sourceTree = "<group>"; };
		6E92A49F1C1571D8007BC4E9 /* Base */ = {isa = PBXFileReference; lastKnownFileType = file.storyboard; name = Base; path = Base.lproj/Main.storyboard; sourceTree = "<group>"; };
		6E92A4A11C1571D8007BC4E9 /* Assets.xcassets */ = {isa = PBXFileReference; lastKnownFileType = folder.assetcatalog; path = Assets.xcassets; sourceTree = "<group>"; };
		6E92A4A41C1571D8007BC4E9 /* Base */ = {isa = PBXFileReference; lastKnownFileType = file.storyboard; name = Base; path = Base.lproj/LaunchScreen.storyboard; sourceTree = "<group>"; };
		6E92A4A61C1571D8007BC4E9 /* Info.plist */ = {isa = PBXFileReference; lastKnownFileType = text.plist.xml; path = Info.plist; sourceTree = "<group>"; };
		6E92A4B01C15724B007BC4E9 /* HTTP.swift */ = {isa = PBXFileReference; fileEncoding = 4; lastKnownFileType = sourcecode.swift; path = HTTP.swift; sourceTree = "<group>"; };
		6E92A4B11C15724B007BC4E9 /* HTTPRequest.swift */ = {isa = PBXFileReference; fileEncoding = 4; lastKnownFileType = sourcecode.swift; path = HTTPRequest.swift; sourceTree = "<group>"; };
		6E92A4B21C15724B007BC4E9 /* HTTPResponse.swift */ = {isa = PBXFileReference; fileEncoding = 4; lastKnownFileType = sourcecode.swift; path = HTTPResponse.swift; sourceTree = "<group>"; };
		6E92A4B31C15724B007BC4E9 /* HTTPMethod.swift */ = {isa = PBXFileReference; fileEncoding = 4; lastKnownFileType = sourcecode.swift; path = HTTPMethod.swift; sourceTree = "<group>"; };
		6E92A4B41C15724B007BC4E9 /* HTTPVersion.swift */ = {isa = PBXFileReference; fileEncoding = 4; lastKnownFileType = sourcecode.swift; path = HTTPVersion.swift; sourceTree = "<group>"; };
		6E92A4B51C15724B007BC4E9 /* HTTPStatusCode.swift */ = {isa = PBXFileReference; fileEncoding = 4; lastKnownFileType = sourcecode.swift; path = HTTPStatusCode.swift; sourceTree = "<group>"; };
		6E92A4B61C15724B007BC4E9 /* URL.swift */ = {isa = PBXFileReference; fileEncoding = 4; lastKnownFileType = sourcecode.swift; path = URL.swift; sourceTree = "<group>"; };
		6E92A4B71C15724B007BC4E9 /* URLProtocol.swift */ = {isa = PBXFileReference; fileEncoding = 4; lastKnownFileType = sourcecode.swift; path = URLProtocol.swift; sourceTree = "<group>"; };
		6E92A4B81C15724B007BC4E9 /* URLRequest.swift */ = {isa = PBXFileReference; fileEncoding = 4; lastKnownFileType = sourcecode.swift; path = URLRequest.swift; sourceTree = "<group>"; };
		6E92A4B91C15724B007BC4E9 /* URLResponse.swift */ = {isa = PBXFileReference; fileEncoding = 4; lastKnownFileType = sourcecode.swift; path = URLResponse.swift; sourceTree = "<group>"; };
		6E92A4BA1C15724B007BC4E9 /* URLClient.swift */ = {isa = PBXFileReference; fileEncoding = 4; lastKnownFileType = sourcecode.swift; path = URLClient.swift; sourceTree = "<group>"; };
		6E92A4D11C15732D007BC4E9 /* iOSTestApp-Bridging-Header.h */ = {isa = PBXFileReference; lastKnownFileType = sourcecode.c.h; path = "iOSTestApp-Bridging-Header.h"; sourceTree = "<group>"; };
		6E92A4D51C157347007BC4E9 /* curl.h */ = {isa = PBXFileReference; fileEncoding = 4; lastKnownFileType = sourcecode.c.h; path = curl.h; sourceTree = "<group>"; };
		6E92A4D61C157347007BC4E9 /* curlbuild.h */ = {isa = PBXFileReference; fileEncoding = 4; lastKnownFileType = sourcecode.c.h; path = curlbuild.h; sourceTree = "<group>"; };
		6E92A4D71C157347007BC4E9 /* curlrules.h */ = {isa = PBXFileReference; fileEncoding = 4; lastKnownFileType = sourcecode.c.h; path = curlrules.h; sourceTree = "<group>"; };
		6E92A4D81C157347007BC4E9 /* curlver.h */ = {isa = PBXFileReference; fileEncoding = 4; lastKnownFileType = sourcecode.c.h; path = curlver.h; sourceTree = "<group>"; };
		6E92A4D91C157347007BC4E9 /* easy.h */ = {isa = PBXFileReference; fileEncoding = 4; lastKnownFileType = sourcecode.c.h; path = easy.h; sourceTree = "<group>"; };
		6E92A4DA1C157347007BC4E9 /* mprintf.h */ = {isa = PBXFileReference; fileEncoding = 4; lastKnownFileType = sourcecode.c.h; path = mprintf.h; sourceTree = "<group>"; };
		6E92A4DB1C157347007BC4E9 /* multi.h */ = {isa = PBXFileReference; fileEncoding = 4; lastKnownFileType = sourcecode.c.h; path = multi.h; sourceTree = "<group>"; };
		6E92A4DC1C157347007BC4E9 /* stdcheaders.h */ = {isa = PBXFileReference; fileEncoding = 4; lastKnownFileType = sourcecode.c.h; path = stdcheaders.h; sourceTree = "<group>"; };
		6E92A4DD1C157347007BC4E9 /* typecheck-gcc.h */ = {isa = PBXFileReference; fileEncoding = 4; lastKnownFileType = sourcecode.c.h; path = "typecheck-gcc.h"; sourceTree = "<group>"; };
		6E92A4DE1C1574BE007BC4E9 /* Data.swift */ = {isa = PBXFileReference; fileEncoding = 4; lastKnownFileType = sourcecode.swift; path = Data.swift; sourceTree = "<group>"; };
/* End PBXFileReference section */

/* Begin PBXFrameworksBuildPhase section */
		6E2F72011C15255100E81D56 /* Frameworks */ = {
			isa = PBXFrameworksBuildPhase;
			buildActionMask = 2147483647;
			files = (
			);
			runOnlyForDeploymentPostprocessing = 0;
		};
		6E2F720C1C15255100E81D56 /* Frameworks */ = {
			isa = PBXFrameworksBuildPhase;
			buildActionMask = 2147483647;
			files = (
				6E2F72101C15255100E81D56 /* SeeURL.framework in Frameworks */,
			);
			runOnlyForDeploymentPostprocessing = 0;
		};
		6E92A46F1C156F75007BC4E9 /* Frameworks */ = {
			isa = PBXFrameworksBuildPhase;
			buildActionMask = 2147483647;
			files = (
			);
			runOnlyForDeploymentPostprocessing = 0;
		};
		6E92A4951C1571D8007BC4E9 /* Frameworks */ = {
			isa = PBXFrameworksBuildPhase;
			buildActionMask = 2147483647;
			files = (
			);
			runOnlyForDeploymentPostprocessing = 0;
		};
/* End PBXFrameworksBuildPhase section */

/* Begin PBXGroup section */
		6E2F71FB1C15255100E81D56 = {
			isa = PBXGroup;
			children = (
				6E92A44D1C15510A007BC4E9 /* Package.swift */,
				6E92A4401C1546FB007BC4E9 /* Source */,
				6E2F72071C15255100E81D56 /* SeeURL */,
				6E2F72131C15255100E81D56 /* SeeURLTests */,
				6E92A4731C156F75007BC4E9 /* TestApp */,
				6E92A4991C1571D8007BC4E9 /* iOSTestApp */,
				6E2F72061C15255100E81D56 /* Products */,
			);
			sourceTree = "<group>";
		};
		6E2F72061C15255100E81D56 /* Products */ = {
			isa = PBXGroup;
			children = (
				6E2F72051C15255100E81D56 /* SeeURL.framework */,
				6E2F720F1C15255100E81D56 /* SeeURLTests.xctest */,
				6E92A4721C156F75007BC4E9 /* TestApp.app */,
				6E92A4981C1571D8007BC4E9 /* iOSTestApp.app */,
			);
			name = Products;
			sourceTree = "<group>";
		};
		6E2F72071C15255100E81D56 /* SeeURL */ = {
			isa = PBXGroup;
			children = (
				6E2F72081C15255100E81D56 /* SeeURL.h */,
				6E2F720A1C15255100E81D56 /* Info.plist */,
			);
			path = SeeURL;
			sourceTree = "<group>";
		};
		6E2F72131C15255100E81D56 /* SeeURLTests */ = {
			isa = PBXGroup;
			children = (
				6E2F722D1C1525D600E81D56 /* cURLTests.swift */,
				6E2F722E1C1525D600E81D56 /* HTTPClientTests.swift */,
				6E2F72161C15255100E81D56 /* Info.plist */,
			);
			path = SeeURLTests;
			sourceTree = "<group>";
		};
		6E92A4401C1546FB007BC4E9 /* Source */ = {
			isa = PBXGroup;
			children = (
				6E92A4411C15470A007BC4E9 /* cURL.swift */,
				6E92A4421C15470A007BC4E9 /* cURLError.swift */,
				6E92A4431C15470A007BC4E9 /* cURLReadFunction.swift */,
				6E92A4441C15470A007BC4E9 /* cURLStringList.swift */,
				6E92A4451C15470A007BC4E9 /* cURLWriteFunction.swift */,
				6E92A4461C15470A007BC4E9 /* HTTPClient.swift */,
			);
			name = Source;
			sourceTree = "<group>";
		};
		6E92A4731C156F75007BC4E9 /* TestApp */ = {
			isa = PBXGroup;
			children = (
				6E92A48A1C15702B007BC4E9 /* curl */,
				6E92A4871C156FA0007BC4E9 /* TestApp-Bridging-Header.h */,
				6E92A4741C156F75007BC4E9 /* AppDelegate.swift */,
				6E92A4761C156F75007BC4E9 /* ViewController.swift */,
				6E92A4781C156F75007BC4E9 /* Assets.xcassets */,
				6E92A47A1C156F75007BC4E9 /* Main.storyboard */,
				6E92A47D1C156F75007BC4E9 /* Info.plist */,
			);
			path = TestApp;
			sourceTree = "<group>";
		};
		6E92A48A1C15702B007BC4E9 /* curl */ = {
			isa = PBXGroup;
			children = (
				6E92A48B1C15702B007BC4E9 /* curl.h */,
				6E92A48C1C15702B007BC4E9 /* curlbuild.h */,
				6E92A48D1C15702B007BC4E9 /* curlrules.h */,
				6E92A48E1C15702B007BC4E9 /* curlver.h */,
				6E92A48F1C15702B007BC4E9 /* easy.h */,
				6E92A4901C15702B007BC4E9 /* mprintf.h */,
				6E92A4911C15702B007BC4E9 /* multi.h */,
				6E92A4921C15702B007BC4E9 /* stdcheaders.h */,
				6E92A4931C15702B007BC4E9 /* typecheck-gcc.h */,
			);
			name = curl;
			path = /usr/local/Cellar/curl/7.45.0/include/curl;
			sourceTree = "<absolute>";
		};
		6E92A4991C1571D8007BC4E9 /* iOSTestApp */ = {
			isa = PBXGroup;
			children = (
				6E92A4D41C157347007BC4E9 /* curl */,
				6E92A4D11C15732D007BC4E9 /* iOSTestApp-Bridging-Header.h */,
				6E92A4C61C157269007BC4E9 /* SwiftFoundation */,
				6E92A49A1C1571D8007BC4E9 /* AppDelegate.swift */,
				6E92A49C1C1571D8007BC4E9 /* ViewController.swift */,
				6E92A49E1C1571D8007BC4E9 /* Main.storyboard */,
				6E92A4A11C1571D8007BC4E9 /* Assets.xcassets */,
				6E92A4A31C1571D8007BC4E9 /* LaunchScreen.storyboard */,
				6E92A4A61C1571D8007BC4E9 /* Info.plist */,
			);
			path = iOSTestApp;
			sourceTree = "<group>";
		};
		6E92A4C61C157269007BC4E9 /* SwiftFoundation */ = {
			isa = PBXGroup;
			children = (
				6E92A4DE1C1574BE007BC4E9 /* Data.swift */,
				6E92A4B01C15724B007BC4E9 /* HTTP.swift */,
				6E92A4B11C15724B007BC4E9 /* HTTPRequest.swift */,
				6E92A4B21C15724B007BC4E9 /* HTTPResponse.swift */,
				6E92A4B31C15724B007BC4E9 /* HTTPMethod.swift */,
				6E92A4B41C15724B007BC4E9 /* HTTPVersion.swift */,
				6E92A4B51C15724B007BC4E9 /* HTTPStatusCode.swift */,
				6E92A4B61C15724B007BC4E9 /* URL.swift */,
				6E92A4B71C15724B007BC4E9 /* URLProtocol.swift */,
				6E92A4B81C15724B007BC4E9 /* URLRequest.swift */,
				6E92A4B91C15724B007BC4E9 /* URLResponse.swift */,
				6E92A4BA1C15724B007BC4E9 /* URLClient.swift */,
			);
			name = SwiftFoundation;
			sourceTree = "<group>";
		};
		6E92A4D41C157347007BC4E9 /* curl */ = {
			isa = PBXGroup;
			children = (
				6E92A4D51C157347007BC4E9 /* curl.h */,
				6E92A4D61C157347007BC4E9 /* curlbuild.h */,
				6E92A4D71C157347007BC4E9 /* curlrules.h */,
				6E92A4D81C157347007BC4E9 /* curlver.h */,
				6E92A4D91C157347007BC4E9 /* easy.h */,
				6E92A4DA1C157347007BC4E9 /* mprintf.h */,
				6E92A4DB1C157347007BC4E9 /* multi.h */,
				6E92A4DC1C157347007BC4E9 /* stdcheaders.h */,
				6E92A4DD1C157347007BC4E9 /* typecheck-gcc.h */,
			);
			path = curl;
			sourceTree = "<group>";
		};
/* End PBXGroup section */

/* Begin PBXHeadersBuildPhase section */
		6E2F72021C15255100E81D56 /* Headers */ = {
			isa = PBXHeadersBuildPhase;
			buildActionMask = 2147483647;
			files = (
				6E2F72091C15255100E81D56 /* SeeURL.h in Headers */,
			);
			runOnlyForDeploymentPostprocessing = 0;
		};
/* End PBXHeadersBuildPhase section */

/* Begin PBXNativeTarget section */
		6E2F72041C15255100E81D56 /* SeeURL */ = {
			isa = PBXNativeTarget;
			buildConfigurationList = 6E2F72191C15255100E81D56 /* Build configuration list for PBXNativeTarget "SeeURL" */;
			buildPhases = (
				6E2F72001C15255100E81D56 /* Sources */,
				6E2F72011C15255100E81D56 /* Frameworks */,
				6E2F72021C15255100E81D56 /* Headers */,
				6E2F72031C15255100E81D56 /* Resources */,
			);
			buildRules = (
			);
			dependencies = (
			);
			name = SeeURL;
			productName = SeeURL;
			productReference = 6E2F72051C15255100E81D56 /* SeeURL.framework */;
			productType = "com.apple.product-type.framework";
		};
		6E2F720E1C15255100E81D56 /* SeeURLTests */ = {
			isa = PBXNativeTarget;
			buildConfigurationList = 6E2F721C1C15255100E81D56 /* Build configuration list for PBXNativeTarget "SeeURLTests" */;
			buildPhases = (
				6E2F720B1C15255100E81D56 /* Sources */,
				6E2F720C1C15255100E81D56 /* Frameworks */,
				6E2F720D1C15255100E81D56 /* Resources */,
			);
			buildRules = (
			);
			dependencies = (
				6E2F72121C15255100E81D56 /* PBXTargetDependency */,
			);
			name = SeeURLTests;
			productName = SeeURLTests;
			productReference = 6E2F720F1C15255100E81D56 /* SeeURLTests.xctest */;
			productType = "com.apple.product-type.bundle.unit-test";
		};
		6E92A4711C156F75007BC4E9 /* TestApp */ = {
			isa = PBXNativeTarget;
			buildConfigurationList = 6E92A47E1C156F75007BC4E9 /* Build configuration list for PBXNativeTarget "TestApp" */;
			buildPhases = (
				6E92A46E1C156F75007BC4E9 /* Sources */,
				6E92A46F1C156F75007BC4E9 /* Frameworks */,
				6E92A4701C156F75007BC4E9 /* Resources */,
			);
			buildRules = (
			);
			dependencies = (
			);
			name = TestApp;
			productName = TestApp;
			productReference = 6E92A4721C156F75007BC4E9 /* TestApp.app */;
			productType = "com.apple.product-type.application";
		};
		6E92A4971C1571D8007BC4E9 /* iOSTestApp */ = {
			isa = PBXNativeTarget;
			buildConfigurationList = 6E92A4A71C1571D8007BC4E9 /* Build configuration list for PBXNativeTarget "iOSTestApp" */;
			buildPhases = (
				6E92A4941C1571D8007BC4E9 /* Sources */,
				6E92A4951C1571D8007BC4E9 /* Frameworks */,
				6E92A4961C1571D8007BC4E9 /* Resources */,
			);
			buildRules = (
			);
			dependencies = (
			);
			name = iOSTestApp;
			productName = iOSTestApp;
			productReference = 6E92A4981C1571D8007BC4E9 /* iOSTestApp.app */;
			productType = "com.apple.product-type.application";
		};
/* End PBXNativeTarget section */

/* Begin PBXProject section */
		6E2F71FC1C15255100E81D56 /* Project object */ = {
			isa = PBXProject;
			attributes = {
				LastSwiftUpdateCheck = 0710;
				LastUpgradeCheck = 0710;
				ORGANIZATIONNAME = PureSwift;
				TargetAttributes = {
					6E2F72041C15255100E81D56 = {
						CreatedOnToolsVersion = 7.1.1;
					};
					6E2F720E1C15255100E81D56 = {
						CreatedOnToolsVersion = 7.1.1;
					};
					6E92A4711C156F75007BC4E9 = {
						CreatedOnToolsVersion = 7.1.1;
					};
					6E92A4971C1571D8007BC4E9 = {
						CreatedOnToolsVersion = 7.1.1;
					};
				};
			};
			buildConfigurationList = 6E2F71FF1C15255100E81D56 /* Build configuration list for PBXProject "SeeURL" */;
			compatibilityVersion = "Xcode 3.2";
			developmentRegion = English;
			hasScannedForEncodings = 0;
			knownRegions = (
				en,
				Base,
			);
			mainGroup = 6E2F71FB1C15255100E81D56;
			productRefGroup = 6E2F72061C15255100E81D56 /* Products */;
			projectDirPath = "";
			projectRoot = "";
			targets = (
				6E2F72041C15255100E81D56 /* SeeURL */,
				6E2F720E1C15255100E81D56 /* SeeURLTests */,
				6E92A4711C156F75007BC4E9 /* TestApp */,
				6E92A4971C1571D8007BC4E9 /* iOSTestApp */,
			);
		};
/* End PBXProject section */

/* Begin PBXResourcesBuildPhase section */
		6E2F72031C15255100E81D56 /* Resources */ = {
			isa = PBXResourcesBuildPhase;
			buildActionMask = 2147483647;
			files = (
			);
			runOnlyForDeploymentPostprocessing = 0;
		};
		6E2F720D1C15255100E81D56 /* Resources */ = {
			isa = PBXResourcesBuildPhase;
			buildActionMask = 2147483647;
			files = (
			);
			runOnlyForDeploymentPostprocessing = 0;
		};
		6E92A4701C156F75007BC4E9 /* Resources */ = {
			isa = PBXResourcesBuildPhase;
			buildActionMask = 2147483647;
			files = (
				6E92A4791C156F75007BC4E9 /* Assets.xcassets in Resources */,
				6E92A47C1C156F75007BC4E9 /* Main.storyboard in Resources */,
			);
			runOnlyForDeploymentPostprocessing = 0;
		};
		6E92A4961C1571D8007BC4E9 /* Resources */ = {
			isa = PBXResourcesBuildPhase;
			buildActionMask = 2147483647;
			files = (
				6E92A4A51C1571D8007BC4E9 /* LaunchScreen.storyboard in Resources */,
				6E92A4A21C1571D8007BC4E9 /* Assets.xcassets in Resources */,
				6E92A4A01C1571D8007BC4E9 /* Main.storyboard in Resources */,
			);
			runOnlyForDeploymentPostprocessing = 0;
		};
/* End PBXResourcesBuildPhase section */

/* Begin PBXSourcesBuildPhase section */
		6E2F72001C15255100E81D56 /* Sources */ = {
			isa = PBXSourcesBuildPhase;
			buildActionMask = 2147483647;
			files = (
				6E92A44A1C15470A007BC4E9 /* cURLStringList.swift in Sources */,
				6E92A44B1C15470A007BC4E9 /* cURLWriteFunction.swift in Sources */,
				6E92A44C1C15470A007BC4E9 /* HTTPClient.swift in Sources */,
				6E92A4491C15470A007BC4E9 /* cURLReadFunction.swift in Sources */,
				6E92A4481C15470A007BC4E9 /* cURLError.swift in Sources */,
				6E92A4471C15470A007BC4E9 /* cURL.swift in Sources */,
			);
			runOnlyForDeploymentPostprocessing = 0;
		};
		6E2F720B1C15255100E81D56 /* Sources */ = {
			isa = PBXSourcesBuildPhase;
			buildActionMask = 2147483647;
			files = (
				6E2F72301C1525D600E81D56 /* cURLTests.swift in Sources */,
				6E2F72311C1525D600E81D56 /* HTTPClientTests.swift in Sources */,
			);
			runOnlyForDeploymentPostprocessing = 0;
		};
		6E92A46E1C156F75007BC4E9 /* Sources */ = {
			isa = PBXSourcesBuildPhase;
			buildActionMask = 2147483647;
			files = (
				6E92A4771C156F75007BC4E9 /* ViewController.swift in Sources */,
				6E92A4831C156F7D007BC4E9 /* cURLReadFunction.swift in Sources */,
				6E92A4861C156F7D007BC4E9 /* HTTPClient.swift in Sources */,
				6E92A4811C156F7D007BC4E9 /* cURL.swift in Sources */,
				6E92A4851C156F7D007BC4E9 /* cURLWriteFunction.swift in Sources */,
				6E92A4821C156F7D007BC4E9 /* cURLError.swift in Sources */,
				6E92A4841C156F7D007BC4E9 /* cURLStringList.swift in Sources */,
				6E92A4751C156F75007BC4E9 /* AppDelegate.swift in Sources */,
			);
			runOnlyForDeploymentPostprocessing = 0;
		};
		6E92A4941C1571D8007BC4E9 /* Sources */ = {
			isa = PBXSourcesBuildPhase;
			buildActionMask = 2147483647;
			files = (
				6E92A4BB1C15724B007BC4E9 /* HTTP.swift in Sources */,
				6E92A4C21C15724B007BC4E9 /* URLProtocol.swift in Sources */,
				6E92A49D1C1571D8007BC4E9 /* ViewController.swift in Sources */,
				6E92A4AC1C1571FF007BC4E9 /* cURLReadFunction.swift in Sources */,
				6E92A4AF1C1571FF007BC4E9 /* HTTPClient.swift in Sources */,
				6E92A4BF1C15724B007BC4E9 /* HTTPVersion.swift in Sources */,
				6E92A4C11C15724B007BC4E9 /* URL.swift in Sources */,
				6E92A4AA1C1571FF007BC4E9 /* cURL.swift in Sources */,
				6E92A4C01C15724B007BC4E9 /* HTTPStatusCode.swift in Sources */,
				6E92A4AE1C1571FF007BC4E9 /* cURLWriteFunction.swift in Sources */,
				6E92A4BD1C15724B007BC4E9 /* HTTPResponse.swift in Sources */,
				6E92A4DF1C1574BE007BC4E9 /* Data.swift in Sources */,
				6E92A4AB1C1571FF007BC4E9 /* cURLError.swift in Sources */,
				6E92A4BE1C15724B007BC4E9 /* HTTPMethod.swift in Sources */,
				6E92A4BC1C15724B007BC4E9 /* HTTPRequest.swift in Sources */,
				6E92A4C41C15724B007BC4E9 /* URLResponse.swift in Sources */,
				6E92A4C51C15724B007BC4E9 /* URLClient.swift in Sources */,
				6E92A4AD1C1571FF007BC4E9 /* cURLStringList.swift in Sources */,
				6E92A4C31C15724B007BC4E9 /* URLRequest.swift in Sources */,
				6E92A49B1C1571D8007BC4E9 /* AppDelegate.swift in Sources */,
			);
			runOnlyForDeploymentPostprocessing = 0;
		};
/* End PBXSourcesBuildPhase section */

/* Begin PBXTargetDependency section */
		6E2F72121C15255100E81D56 /* PBXTargetDependency */ = {
			isa = PBXTargetDependency;
			target = 6E2F72041C15255100E81D56 /* SeeURL */;
			targetProxy = 6E2F72111C15255100E81D56 /* PBXContainerItemProxy */;
		};
/* End PBXTargetDependency section */

/* Begin PBXVariantGroup section */
		6E92A47A1C156F75007BC4E9 /* Main.storyboard */ = {
			isa = PBXVariantGroup;
			children = (
				6E92A47B1C156F75007BC4E9 /* Base */,
			);
			name = Main.storyboard;
			sourceTree = "<group>";
		};
		6E92A49E1C1571D8007BC4E9 /* Main.storyboard */ = {
			isa = PBXVariantGroup;
			children = (
				6E92A49F1C1571D8007BC4E9 /* Base */,
			);
			name = Main.storyboard;
			sourceTree = "<group>";
		};
		6E92A4A31C1571D8007BC4E9 /* LaunchScreen.storyboard */ = {
			isa = PBXVariantGroup;
			children = (
				6E92A4A41C1571D8007BC4E9 /* Base */,
			);
			name = LaunchScreen.storyboard;
			sourceTree = "<group>";
		};
/* End PBXVariantGroup section */

/* Begin XCBuildConfiguration section */
		6E2F72171C15255100E81D56 /* Debug */ = {
			isa = XCBuildConfiguration;
			buildSettings = {
				ALWAYS_SEARCH_USER_PATHS = NO;
				CLANG_CXX_LANGUAGE_STANDARD = "gnu++0x";
				CLANG_CXX_LIBRARY = "libc++";
				CLANG_ENABLE_MODULES = YES;
				CLANG_ENABLE_OBJC_ARC = YES;
				CLANG_WARN_BOOL_CONVERSION = YES;
				CLANG_WARN_CONSTANT_CONVERSION = YES;
				CLANG_WARN_DIRECT_OBJC_ISA_USAGE = YES_ERROR;
				CLANG_WARN_EMPTY_BODY = YES;
				CLANG_WARN_ENUM_CONVERSION = YES;
				CLANG_WARN_INT_CONVERSION = YES;
				CLANG_WARN_OBJC_ROOT_CLASS = YES_ERROR;
				CLANG_WARN_UNREACHABLE_CODE = YES;
				CLANG_WARN__DUPLICATE_METHOD_MATCH = YES;
				CODE_SIGN_IDENTITY = "-";
				COPY_PHASE_STRIP = NO;
				CURRENT_PROJECT_VERSION = 1;
				DEBUG_INFORMATION_FORMAT = dwarf;
				ENABLE_STRICT_OBJC_MSGSEND = YES;
				ENABLE_TESTABILITY = YES;
				GCC_C_LANGUAGE_STANDARD = gnu99;
				GCC_DYNAMIC_NO_PIC = NO;
				GCC_NO_COMMON_BLOCKS = YES;
				GCC_OPTIMIZATION_LEVEL = 0;
				GCC_PREPROCESSOR_DEFINITIONS = (
					"DEBUG=1",
					"$(inherited)",
				);
				GCC_WARN_64_TO_32_BIT_CONVERSION = YES;
				GCC_WARN_ABOUT_RETURN_TYPE = YES_ERROR;
				GCC_WARN_UNDECLARED_SELECTOR = YES;
				GCC_WARN_UNINITIALIZED_AUTOS = YES_AGGRESSIVE;
				GCC_WARN_UNUSED_FUNCTION = YES;
				GCC_WARN_UNUSED_VARIABLE = YES;
				MACOSX_DEPLOYMENT_TARGET = 10.11;
				MTL_ENABLE_DEBUG_INFO = YES;
				ONLY_ACTIVE_ARCH = YES;
				SDKROOT = macosx;
				SWIFT_OPTIMIZATION_LEVEL = "-Onone";
				VERSIONING_SYSTEM = "apple-generic";
				VERSION_INFO_PREFIX = "";
			};
			name = Debug;
		};
		6E2F72181C15255100E81D56 /* Release */ = {
			isa = XCBuildConfiguration;
			buildSettings = {
				ALWAYS_SEARCH_USER_PATHS = NO;
				CLANG_CXX_LANGUAGE_STANDARD = "gnu++0x";
				CLANG_CXX_LIBRARY = "libc++";
				CLANG_ENABLE_MODULES = YES;
				CLANG_ENABLE_OBJC_ARC = YES;
				CLANG_WARN_BOOL_CONVERSION = YES;
				CLANG_WARN_CONSTANT_CONVERSION = YES;
				CLANG_WARN_DIRECT_OBJC_ISA_USAGE = YES_ERROR;
				CLANG_WARN_EMPTY_BODY = YES;
				CLANG_WARN_ENUM_CONVERSION = YES;
				CLANG_WARN_INT_CONVERSION = YES;
				CLANG_WARN_OBJC_ROOT_CLASS = YES_ERROR;
				CLANG_WARN_UNREACHABLE_CODE = YES;
				CLANG_WARN__DUPLICATE_METHOD_MATCH = YES;
				CODE_SIGN_IDENTITY = "-";
				COPY_PHASE_STRIP = NO;
				CURRENT_PROJECT_VERSION = 1;
				DEBUG_INFORMATION_FORMAT = "dwarf-with-dsym";
				ENABLE_NS_ASSERTIONS = NO;
				ENABLE_STRICT_OBJC_MSGSEND = YES;
				GCC_C_LANGUAGE_STANDARD = gnu99;
				GCC_NO_COMMON_BLOCKS = YES;
				GCC_WARN_64_TO_32_BIT_CONVERSION = YES;
				GCC_WARN_ABOUT_RETURN_TYPE = YES_ERROR;
				GCC_WARN_UNDECLARED_SELECTOR = YES;
				GCC_WARN_UNINITIALIZED_AUTOS = YES_AGGRESSIVE;
				GCC_WARN_UNUSED_FUNCTION = YES;
				GCC_WARN_UNUSED_VARIABLE = YES;
				MACOSX_DEPLOYMENT_TARGET = 10.11;
				MTL_ENABLE_DEBUG_INFO = NO;
				SDKROOT = macosx;
				VERSIONING_SYSTEM = "apple-generic";
				VERSION_INFO_PREFIX = "";
			};
			name = Release;
		};
		6E2F721A1C15255100E81D56 /* Debug */ = {
			isa = XCBuildConfiguration;
			buildSettings = {
				CLANG_ENABLE_MODULES = YES;
				COMBINE_HIDPI_IMAGES = YES;
				DEFINES_MODULE = YES;
				DYLIB_COMPATIBILITY_VERSION = 1;
				DYLIB_CURRENT_VERSION = 1;
				DYLIB_INSTALL_NAME_BASE = "@rpath";
				EMBEDDED_CONTENT_CONTAINS_SWIFT = YES;
				FRAMEWORK_VERSION = A;
				INFOPLIST_FILE = SeeURL/Info.plist;
				INSTALL_PATH = "$(LOCAL_LIBRARY_DIR)/Frameworks";
				LD_RUNPATH_SEARCH_PATHS = "$(inherited) @executable_path/../Frameworks @loader_path/Frameworks";
				PRODUCT_BUNDLE_IDENTIFIER = org.pureswift.SeeURL;
				PRODUCT_NAME = "$(TARGET_NAME)";
				SKIP_INSTALL = YES;
				SWIFT_OPTIMIZATION_LEVEL = "-Onone";
			};
			name = Debug;
		};
		6E2F721B1C15255100E81D56 /* Release */ = {
			isa = XCBuildConfiguration;
			buildSettings = {
				CLANG_ENABLE_MODULES = YES;
				COMBINE_HIDPI_IMAGES = YES;
				DEFINES_MODULE = YES;
				DYLIB_COMPATIBILITY_VERSION = 1;
				DYLIB_CURRENT_VERSION = 1;
				DYLIB_INSTALL_NAME_BASE = "@rpath";
				EMBEDDED_CONTENT_CONTAINS_SWIFT = YES;
				FRAMEWORK_VERSION = A;
				INFOPLIST_FILE = SeeURL/Info.plist;
				INSTALL_PATH = "$(LOCAL_LIBRARY_DIR)/Frameworks";
				LD_RUNPATH_SEARCH_PATHS = "$(inherited) @executable_path/../Frameworks @loader_path/Frameworks";
				PRODUCT_BUNDLE_IDENTIFIER = org.pureswift.SeeURL;
				PRODUCT_NAME = "$(TARGET_NAME)";
				SKIP_INSTALL = YES;
			};
			name = Release;
		};
		6E2F721D1C15255100E81D56 /* Debug */ = {
			isa = XCBuildConfiguration;
			buildSettings = {
				CLANG_ENABLE_MODULES = YES;
				COMBINE_HIDPI_IMAGES = YES;
				INFOPLIST_FILE = SeeURLTests/Info.plist;
				LD_RUNPATH_SEARCH_PATHS = "$(inherited) @executable_path/../Frameworks @loader_path/../Frameworks";
				PRODUCT_BUNDLE_IDENTIFIER = org.pureswift.SeeURLTests;
				PRODUCT_NAME = "$(TARGET_NAME)";
				SWIFT_OPTIMIZATION_LEVEL = "-Onone";
			};
			name = Debug;
		};
		6E2F721E1C15255100E81D56 /* Release */ = {
			isa = XCBuildConfiguration;
			buildSettings = {
				CLANG_ENABLE_MODULES = YES;
				COMBINE_HIDPI_IMAGES = YES;
				INFOPLIST_FILE = SeeURLTests/Info.plist;
				LD_RUNPATH_SEARCH_PATHS = "$(inherited) @executable_path/../Frameworks @loader_path/../Frameworks";
				PRODUCT_BUNDLE_IDENTIFIER = org.pureswift.SeeURLTests;
				PRODUCT_NAME = "$(TARGET_NAME)";
			};
			name = Release;
		};
		6E92A47F1C156F75007BC4E9 /* Debug */ = {
			isa = XCBuildConfiguration;
			buildSettings = {
				ASSETCATALOG_COMPILER_APPICON_NAME = AppIcon;
				CLANG_ENABLE_MODULES = YES;
				COMBINE_HIDPI_IMAGES = YES;
				INFOPLIST_FILE = TestApp/Info.plist;
				LD_RUNPATH_SEARCH_PATHS = "$(inherited) @executable_path/../Frameworks";
				PRODUCT_BUNDLE_IDENTIFIER = org.pureswift.TestApp;
				PRODUCT_NAME = "$(TARGET_NAME)";
				SWIFT_OBJC_BRIDGING_HEADER = "TestApp/TestApp-Bridging-Header.h";
				SWIFT_OPTIMIZATION_LEVEL = "-Onone";
			};
			name = Debug;
		};
		6E92A4801C156F75007BC4E9 /* Release */ = {
			isa = XCBuildConfiguration;
			buildSettings = {
				ASSETCATALOG_COMPILER_APPICON_NAME = AppIcon;
				CLANG_ENABLE_MODULES = YES;
				COMBINE_HIDPI_IMAGES = YES;
				INFOPLIST_FILE = TestApp/Info.plist;
				LD_RUNPATH_SEARCH_PATHS = "$(inherited) @executable_path/../Frameworks";
				PRODUCT_BUNDLE_IDENTIFIER = org.pureswift.TestApp;
				PRODUCT_NAME = "$(TARGET_NAME)";
				SWIFT_OBJC_BRIDGING_HEADER = "TestApp/TestApp-Bridging-Header.h";
			};
			name = Release;
		};
		6E92A4A81C1571D8007BC4E9 /* Debug */ = {
			isa = XCBuildConfiguration;
			buildSettings = {
				ASSETCATALOG_COMPILER_APPICON_NAME = AppIcon;
				CLANG_ENABLE_MODULES = YES;
				"CODE_SIGN_IDENTITY[sdk=iphoneos*]" = "iPhone Developer";
				INFOPLIST_FILE = iOSTestApp/Info.plist;
				IPHONEOS_DEPLOYMENT_TARGET = 9.1;
				LD_RUNPATH_SEARCH_PATHS = "$(inherited) @executable_path/Frameworks";
				PRODUCT_BUNDLE_IDENTIFIER = org.pureswift.iOSTestApp;
				PRODUCT_NAME = "$(TARGET_NAME)";
				SDKROOT = iphoneos;
				SWIFT_OBJC_BRIDGING_HEADER = "iOSTestApp/iOSTestApp-Bridging-Header.h";
				SWIFT_OPTIMIZATION_LEVEL = "-Onone";
				TARGETED_DEVICE_FAMILY = "1,2";
			};
			name = Debug;
		};
		6E92A4A91C1571D8007BC4E9 /* Release */ = {
			isa = XCBuildConfiguration;
			buildSettings = {
				ASSETCATALOG_COMPILER_APPICON_NAME = AppIcon;
				CLANG_ENABLE_MODULES = YES;
				"CODE_SIGN_IDENTITY[sdk=iphoneos*]" = "iPhone Developer";
				INFOPLIST_FILE = iOSTestApp/Info.plist;
				IPHONEOS_DEPLOYMENT_TARGET = 9.1;
				LD_RUNPATH_SEARCH_PATHS = "$(inherited) @executable_path/Frameworks";
				PRODUCT_BUNDLE_IDENTIFIER = org.pureswift.iOSTestApp;
				PRODUCT_NAME = "$(TARGET_NAME)";
				SDKROOT = iphoneos;
				SWIFT_OBJC_BRIDGING_HEADER = "iOSTestApp/iOSTestApp-Bridging-Header.h";
				TARGETED_DEVICE_FAMILY = "1,2";
				VALIDATE_PRODUCT = YES;
			};
			name = Release;
		};
/* End XCBuildConfiguration section */

/* Begin XCConfigurationList section */
		6E2F71FF1C15255100E81D56 /* Build configuration list for PBXProject "SeeURL" */ = {
			isa = XCConfigurationList;
			buildConfigurations = (
				6E2F72171C15255100E81D56 /* Debug */,
				6E2F72181C15255100E81D56 /* Release */,
			);
			defaultConfigurationIsVisible = 0;
			defaultConfigurationName = Release;
		};
		6E2F72191C15255100E81D56 /* Build configuration list for PBXNativeTarget "SeeURL" */ = {
			isa = XCConfigurationList;
			buildConfigurations = (
				6E2F721A1C15255100E81D56 /* Debug */,
				6E2F721B1C15255100E81D56 /* Release */,
			);
			defaultConfigurationIsVisible = 0;
			defaultConfigurationName = Release;
		};
		6E2F721C1C15255100E81D56 /* Build configuration list for PBXNativeTarget "SeeURLTests" */ = {
			isa = XCConfigurationList;
			buildConfigurations = (
				6E2F721D1C15255100E81D56 /* Debug */,
				6E2F721E1C15255100E81D56 /* Release */,
			);
			defaultConfigurationIsVisible = 0;
			defaultConfigurationName = Release;
		};
		6E92A47E1C156F75007BC4E9 /* Build configuration list for PBXNativeTarget "TestApp" */ = {
			isa = XCConfigurationList;
			buildConfigurations = (
				6E92A47F1C156F75007BC4E9 /* Debug */,
				6E92A4801C156F75007BC4E9 /* Release */,
			);
			defaultConfigurationIsVisible = 0;
		};
		6E92A4A71C1571D8007BC4E9 /* Build configuration list for PBXNativeTarget "iOSTestApp" */ = {
			isa = XCConfigurationList;
			buildConfigurations = (
				6E92A4A81C1571D8007BC4E9 /* Debug */,
				6E92A4A91C1571D8007BC4E9 /* Release */,
			);
			defaultConfigurationIsVisible = 0;
		};
/* End XCConfigurationList section */
	};
	rootObject = 6E2F71FC1C15255100E81D56 /* Project object */;
}
